// !$*UTF8*$!
{
	archiveVersion = 1;
	classes = {
	};
	objectVersion = 46;
	objects = {

/* Begin PBXBuildFile section */
		93DC324D15E72493005D4EE6 /* Foundation.framework in Frameworks */ = {isa = PBXBuildFile; fileRef = 93DC324C15E72493005D4EE6 /* Foundation.framework */; };
		93DC325215E72493005D4EE6 /* tumblrsdk.h in CopyFiles */ = {isa = PBXBuildFile; fileRef = 93DC325115E72493005D4EE6 /* tumblrsdk.h */; };
		93DC325415E72493005D4EE6 /* tumblrsdk.m in Sources */ = {isa = PBXBuildFile; fileRef = 93DC325315E72493005D4EE6 /* tumblrsdk.m */; };
		93DC325C15E72494005D4EE6 /* SenTestingKit.framework in Frameworks */ = {isa = PBXBuildFile; fileRef = 93DC325B15E72494005D4EE6 /* SenTestingKit.framework */; };
		93DC325E15E72494005D4EE6 /* UIKit.framework in Frameworks */ = {isa = PBXBuildFile; fileRef = 93DC325D15E72494005D4EE6 /* UIKit.framework */; };
		93DC325F15E72494005D4EE6 /* Foundation.framework in Frameworks */ = {isa = PBXBuildFile; fileRef = 93DC324C15E72493005D4EE6 /* Foundation.framework */; };
		93DC326215E72494005D4EE6 /* libtumblrsdk.a in Frameworks */ = {isa = PBXBuildFile; fileRef = 93DC324915E72493005D4EE6 /* libtumblrsdk.a */; };
		93DC326815E72494005D4EE6 /* InfoPlist.strings in Resources */ = {isa = PBXBuildFile; fileRef = 93DC326615E72494005D4EE6 /* InfoPlist.strings */; };
		93DC326B15E72494005D4EE6 /* tumblrsdkTests.m in Sources */ = {isa = PBXBuildFile; fileRef = 93DC326A15E72494005D4EE6 /* tumblrsdkTests.m */; };
/* End PBXBuildFile section */

/* Begin PBXContainerItemProxy section */
		93DC326015E72494005D4EE6 /* PBXContainerItemProxy */ = {
			isa = PBXContainerItemProxy;
			containerPortal = 93DC324015E72493005D4EE6 /* Project object */;
			proxyType = 1;
			remoteGlobalIDString = 93DC324815E72493005D4EE6;
			remoteInfo = tumblrsdk;
		};
/* End PBXContainerItemProxy section */

/* Begin PBXCopyFilesBuildPhase section */
		93DC324715E72493005D4EE6 /* CopyFiles */ = {
			isa = PBXCopyFilesBuildPhase;
			buildActionMask = 2147483647;
			dstPath = "include/${PRODUCT_NAME}";
			dstSubfolderSpec = 16;
			files = (
				93DC325215E72493005D4EE6 /* tumblrsdk.h in CopyFiles */,
			);
			runOnlyForDeploymentPostprocessing = 0;
		};
/* End PBXCopyFilesBuildPhase section */

/* Begin PBXFileReference section */
		93DC324915E72493005D4EE6 /* libtumblrsdk.a */ = {isa = PBXFileReference; explicitFileType = archive.ar; includeInIndex = 0; path = libtumblrsdk.a; sourceTree = BUILT_PRODUCTS_DIR; };
		93DC324C15E72493005D4EE6 /* Foundation.framework */ = {isa = PBXFileReference; lastKnownFileType = wrapper.framework; name = Foundation.framework; path = System/Library/Frameworks/Foundation.framework; sourceTree = SDKROOT; };
		93DC325015E72493005D4EE6 /* tumblrsdk-Prefix.pch */ = {isa = PBXFileReference; lastKnownFileType = sourcecode.c.h; path = "tumblrsdk-Prefix.pch"; sourceTree = "<group>"; };
		93DC325115E72493005D4EE6 /* tumblrsdk.h */ = {isa = PBXFileReference; lastKnownFileType = sourcecode.c.h; path = tumblrsdk.h; sourceTree = "<group>"; };
		93DC325315E72493005D4EE6 /* tumblrsdk.m */ = {isa = PBXFileReference; lastKnownFileType = sourcecode.c.objc; path = tumblrsdk.m; sourceTree = "<group>"; };
		93DC325A15E72494005D4EE6 /* tumblrsdkTests.octest */ = {isa = PBXFileReference; explicitFileType = wrapper.cfbundle; includeInIndex = 0; path = tumblrsdkTests.octest; sourceTree = BUILT_PRODUCTS_DIR; };
		93DC325B15E72494005D4EE6 /* SenTestingKit.framework */ = {isa = PBXFileReference; lastKnownFileType = wrapper.framework; name = SenTestingKit.framework; path = Library/Frameworks/SenTestingKit.framework; sourceTree = DEVELOPER_DIR; };
		93DC325D15E72494005D4EE6 /* UIKit.framework */ = {isa = PBXFileReference; lastKnownFileType = wrapper.framework; name = UIKit.framework; path = Library/Frameworks/UIKit.framework; sourceTree = DEVELOPER_DIR; };
		93DC326515E72494005D4EE6 /* tumblrsdkTests-Info.plist */ = {isa = PBXFileReference; lastKnownFileType = text.plist.xml; path = "tumblrsdkTests-Info.plist"; sourceTree = "<group>"; };
		93DC326715E72494005D4EE6 /* en */ = {isa = PBXFileReference; lastKnownFileType = text.plist.strings; name = en; path = en.lproj/InfoPlist.strings; sourceTree = "<group>"; };
		93DC326915E72494005D4EE6 /* tumblrsdkTests.h */ = {isa = PBXFileReference; lastKnownFileType = sourcecode.c.h; path = tumblrsdkTests.h; sourceTree = "<group>"; };
		93DC326A15E72494005D4EE6 /* tumblrsdkTests.m */ = {isa = PBXFileReference; lastKnownFileType = sourcecode.c.objc; path = tumblrsdkTests.m; sourceTree = "<group>"; };
/* End PBXFileReference section */

/* Begin PBXFrameworksBuildPhase section */
		93DC324615E72493005D4EE6 /* Frameworks */ = {
			isa = PBXFrameworksBuildPhase;
			buildActionMask = 2147483647;
			files = (
				93DC324D15E72493005D4EE6 /* Foundation.framework in Frameworks */,
			);
			runOnlyForDeploymentPostprocessing = 0;
		};
		93DC325615E72494005D4EE6 /* Frameworks */ = {
			isa = PBXFrameworksBuildPhase;
			buildActionMask = 2147483647;
			files = (
				93DC325C15E72494005D4EE6 /* SenTestingKit.framework in Frameworks */,
				93DC325E15E72494005D4EE6 /* UIKit.framework in Frameworks */,
				93DC325F15E72494005D4EE6 /* Foundation.framework in Frameworks */,
				93DC326215E72494005D4EE6 /* libtumblrsdk.a in Frameworks */,
			);
			runOnlyForDeploymentPostprocessing = 0;
		};
/* End PBXFrameworksBuildPhase section */

/* Begin PBXGroup section */
		93DC323E15E72493005D4EE6 = {
			isa = PBXGroup;
			children = (
				93DC324E15E72493005D4EE6 /* tumblrsdk */,
				93DC326315E72494005D4EE6 /* tumblrsdkTests */,
				93DC324B15E72493005D4EE6 /* Frameworks */,
				93DC324A15E72493005D4EE6 /* Products */,
			);
			sourceTree = "<group>";
		};
		93DC324A15E72493005D4EE6 /* Products */ = {
			isa = PBXGroup;
			children = (
				93DC324915E72493005D4EE6 /* libtumblrsdk.a */,
				93DC325A15E72494005D4EE6 /* tumblrsdkTests.octest */,
			);
			name = Products;
			sourceTree = "<group>";
		};
		93DC324B15E72493005D4EE6 /* Frameworks */ = {
			isa = PBXGroup;
			children = (
				93DC324C15E72493005D4EE6 /* Foundation.framework */,
				93DC325B15E72494005D4EE6 /* SenTestingKit.framework */,
				93DC325D15E72494005D4EE6 /* UIKit.framework */,
			);
			name = Frameworks;
			sourceTree = "<group>";
		};
		93DC324E15E72493005D4EE6 /* tumblrsdk */ = {
			isa = PBXGroup;
			children = (
				93DC325115E72493005D4EE6 /* tumblrsdk.h */,
				93DC325315E72493005D4EE6 /* tumblrsdk.m */,
				93DC324F15E72493005D4EE6 /* Supporting Files */,
			);
			path = tumblrsdk;
			sourceTree = "<group>";
		};
		93DC324F15E72493005D4EE6 /* Supporting Files */ = {
			isa = PBXGroup;
			children = (
				93DC325015E72493005D4EE6 /* tumblrsdk-Prefix.pch */,
			);
			name = "Supporting Files";
			sourceTree = "<group>";
		};
		93DC326315E72494005D4EE6 /* tumblrsdkTests */ = {
			isa = PBXGroup;
			children = (
				93DC326915E72494005D4EE6 /* tumblrsdkTests.h */,
				93DC326A15E72494005D4EE6 /* tumblrsdkTests.m */,
				93DC326415E72494005D4EE6 /* Supporting Files */,
			);
			path = tumblrsdkTests;
			sourceTree = "<group>";
		};
		93DC326415E72494005D4EE6 /* Supporting Files */ = {
			isa = PBXGroup;
			children = (
				93DC326515E72494005D4EE6 /* tumblrsdkTests-Info.plist */,
				93DC326615E72494005D4EE6 /* InfoPlist.strings */,
			);
			name = "Supporting Files";
			sourceTree = "<group>";
		};
/* End PBXGroup section */

/* Begin PBXNativeTarget section */
		93DC324815E72493005D4EE6 /* tumblrsdk */ = {
			isa = PBXNativeTarget;
			buildConfigurationList = 93DC326E15E72494005D4EE6 /* Build configuration list for PBXNativeTarget "tumblrsdk" */;
			buildPhases = (
				93DC324515E72493005D4EE6 /* Sources */,
				93DC324615E72493005D4EE6 /* Frameworks */,
				93DC324715E72493005D4EE6 /* CopyFiles */,
			);
			buildRules = (
			);
			dependencies = (
			);
			name = tumblrsdk;
			productName = tumblrsdk;
			productReference = 93DC324915E72493005D4EE6 /* libtumblrsdk.a */;
			productType = "com.apple.product-type.library.static";
		};
		93DC325915E72494005D4EE6 /* tumblrsdkTests */ = {
			isa = PBXNativeTarget;
			buildConfigurationList = 93DC327115E72494005D4EE6 /* Build configuration list for PBXNativeTarget "tumblrsdkTests" */;
			buildPhases = (
				93DC325515E72494005D4EE6 /* Sources */,
				93DC325615E72494005D4EE6 /* Frameworks */,
				93DC325715E72494005D4EE6 /* Resources */,
				93DC325815E72494005D4EE6 /* ShellScript */,
			);
			buildRules = (
			);
			dependencies = (
				93DC326115E72494005D4EE6 /* PBXTargetDependency */,
			);
			name = tumblrsdkTests;
			productName = tumblrsdkTests;
			productReference = 93DC325A15E72494005D4EE6 /* tumblrsdkTests.octest */;
			productType = "com.apple.product-type.bundle";
		};
/* End PBXNativeTarget section */

/* Begin PBXProject section */
		93DC324015E72493005D4EE6 /* Project object */ = {
			isa = PBXProject;
			attributes = {
				LastUpgradeCheck = 0440;
				ORGANIZATIONNAME = "Bryan Irace";
			};
			buildConfigurationList = 93DC324315E72493005D4EE6 /* Build configuration list for PBXProject "tumblrsdk" */;
			compatibilityVersion = "Xcode 3.2";
			developmentRegion = English;
			hasScannedForEncodings = 0;
			knownRegions = (
				en,
			);
			mainGroup = 93DC323E15E72493005D4EE6;
			productRefGroup = 93DC324A15E72493005D4EE6 /* Products */;
			projectDirPath = "";
			projectRoot = "";
			targets = (
				93DC324815E72493005D4EE6 /* tumblrsdk */,
				93DC325915E72494005D4EE6 /* tumblrsdkTests */,
			);
		};
/* End PBXProject section */

/* Begin PBXResourcesBuildPhase section */
		93DC325715E72494005D4EE6 /* Resources */ = {
			isa = PBXResourcesBuildPhase;
			buildActionMask = 2147483647;
			files = (
				93DC326815E72494005D4EE6 /* InfoPlist.strings in Resources */,
			);
			runOnlyForDeploymentPostprocessing = 0;
		};
/* End PBXResourcesBuildPhase section */

/* Begin PBXShellScriptBuildPhase section */
		93DC325815E72494005D4EE6 /* ShellScript */ = {
			isa = PBXShellScriptBuildPhase;
			buildActionMask = 2147483647;
			files = (
			);
			inputPaths = (
			);
			outputPaths = (
			);
			runOnlyForDeploymentPostprocessing = 0;
			shellPath = /bin/sh;
			shellScript = "# Run the unit tests in this test bundle.\n\"${SYSTEM_DEVELOPER_DIR}/Tools/RunUnitTests\"\n";
		};
/* End PBXShellScriptBuildPhase section */

/* Begin PBXSourcesBuildPhase section */
		93DC324515E72493005D4EE6 /* Sources */ = {
			isa = PBXSourcesBuildPhase;
			buildActionMask = 2147483647;
			files = (
				93DC325415E72493005D4EE6 /* tumblrsdk.m in Sources */,
			);
			runOnlyForDeploymentPostprocessing = 0;
		};
		93DC325515E72494005D4EE6 /* Sources */ = {
			isa = PBXSourcesBuildPhase;
			buildActionMask = 2147483647;
			files = (
				93DC326B15E72494005D4EE6 /* tumblrsdkTests.m in Sources */,
			);
			runOnlyForDeploymentPostprocessing = 0;
		};
/* End PBXSourcesBuildPhase section */

/* Begin PBXTargetDependency section */
		93DC326115E72494005D4EE6 /* PBXTargetDependency */ = {
			isa = PBXTargetDependency;
			target = 93DC324815E72493005D4EE6 /* tumblrsdk */;
			targetProxy = 93DC326015E72494005D4EE6 /* PBXContainerItemProxy */;
		};
/* End PBXTargetDependency section */

/* Begin PBXVariantGroup section */
		93DC326615E72494005D4EE6 /* InfoPlist.strings */ = {
			isa = PBXVariantGroup;
			children = (
				93DC326715E72494005D4EE6 /* en */,
			);
			name = InfoPlist.strings;
			sourceTree = "<group>";
		};
/* End PBXVariantGroup section */

/* Begin XCBuildConfiguration section */
		93DC326C15E72494005D4EE6 /* Debug */ = {
			isa = XCBuildConfiguration;
			buildSettings = {
				ALWAYS_SEARCH_USER_PATHS = NO;
				ARCHS = "$(ARCHS_STANDARD_32_BIT)";
				CLANG_CXX_LANGUAGE_STANDARD = "gnu++0x";
				CLANG_WARN__DUPLICATE_METHOD_MATCH = YES;
				COPY_PHASE_STRIP = NO;
				GCC_C_LANGUAGE_STANDARD = gnu99;
				GCC_DYNAMIC_NO_PIC = NO;
				GCC_OPTIMIZATION_LEVEL = 0;
				GCC_PREPROCESSOR_DEFINITIONS = (
					"DEBUG=1",
					"$(inherited)",
				);
				GCC_SYMBOLS_PRIVATE_EXTERN = NO;
				GCC_VERSION = com.apple.compilers.llvm.clang.1_0;
				GCC_WARN_ABOUT_RETURN_TYPE = YES;
				GCC_WARN_UNINITIALIZED_AUTOS = YES;
				GCC_WARN_UNUSED_VARIABLE = YES;
				IPHONEOS_DEPLOYMENT_TARGET = 5.1;
				SDKROOT = iphoneos;
			};
			name = Debug;
		};
		93DC326D15E72494005D4EE6 /* Release */ = {
			isa = XCBuildConfiguration;
			buildSettings = {
				ALWAYS_SEARCH_USER_PATHS = NO;
				ARCHS = "$(ARCHS_STANDARD_32_BIT)";
				CLANG_CXX_LANGUAGE_STANDARD = "gnu++0x";
				CLANG_WARN__DUPLICATE_METHOD_MATCH = YES;
				COPY_PHASE_STRIP = YES;
				GCC_C_LANGUAGE_STANDARD = gnu99;
				GCC_VERSION = com.apple.compilers.llvm.clang.1_0;
				GCC_WARN_ABOUT_RETURN_TYPE = YES;
				GCC_WARN_UNINITIALIZED_AUTOS = YES;
				GCC_WARN_UNUSED_VARIABLE = YES;
				IPHONEOS_DEPLOYMENT_TARGET = 5.1;
				SDKROOT = iphoneos;
				VALIDATE_PRODUCT = YES;
			};
			name = Release;
		};
		93DC326F15E72494005D4EE6 /* Debug */ = {
			isa = XCBuildConfiguration;
			buildSettings = {
				DSTROOT = /tmp/tumblrsdk.dst;
				GCC_PRECOMPILE_PREFIX_HEADER = YES;
				GCC_PREFIX_HEADER = "tumblrsdk/tumblrsdk-Prefix.pch";
				OTHER_LDFLAGS = "-ObjC";
				PRODUCT_NAME = "$(TARGET_NAME)";
				SKIP_INSTALL = YES;
			};
			name = Debug;
		};
		93DC327015E72494005D4EE6 /* Release */ = {
			isa = XCBuildConfiguration;
			buildSettings = {
				DSTROOT = /tmp/tumblrsdk.dst;
				GCC_PRECOMPILE_PREFIX_HEADER = YES;
				GCC_PREFIX_HEADER = "tumblrsdk/tumblrsdk-Prefix.pch";
				OTHER_LDFLAGS = "-ObjC";
				PRODUCT_NAME = "$(TARGET_NAME)";
				SKIP_INSTALL = YES;
			};
			name = Release;
		};
		93DC327215E72494005D4EE6 /* Debug */ = {
			isa = XCBuildConfiguration;
			buildSettings = {
				FRAMEWORK_SEARCH_PATHS = (
					"\"$(SDKROOT)/Developer/Library/Frameworks\"",
					"\"$(DEVELOPER_LIBRARY_DIR)/Frameworks\"",
				);
				GCC_PRECOMPILE_PREFIX_HEADER = YES;
				GCC_PREFIX_HEADER = "tumblrsdk/tumblrsdk-Prefix.pch";
				INFOPLIST_FILE = "tumblrsdkTests/tumblrsdkTests-Info.plist";
				PRODUCT_NAME = "$(TARGET_NAME)";
				WRAPPER_EXTENSION = octest;
			};
			name = Debug;
		};
		93DC327315E72494005D4EE6 /* Release */ = {
			isa = XCBuildConfiguration;
			buildSettings = {
				FRAMEWORK_SEARCH_PATHS = (
					"\"$(SDKROOT)/Developer/Library/Frameworks\"",
					"\"$(DEVELOPER_LIBRARY_DIR)/Frameworks\"",
				);
				GCC_PRECOMPILE_PREFIX_HEADER = YES;
				GCC_PREFIX_HEADER = "tumblrsdk/tumblrsdk-Prefix.pch";
				INFOPLIST_FILE = "tumblrsdkTests/tumblrsdkTests-Info.plist";
				PRODUCT_NAME = "$(TARGET_NAME)";
				WRAPPER_EXTENSION = octest;
			};
			name = Release;
		};
/* End XCBuildConfiguration section */

/* Begin XCConfigurationList section */
		93DC324315E72493005D4EE6 /* Build configuration list for PBXProject "tumblrsdk" */ = {
			isa = XCConfigurationList;
			buildConfigurations = (
				93DC326C15E72494005D4EE6 /* Debug */,
				93DC326D15E72494005D4EE6 /* Release */,
			);
			defaultConfigurationIsVisible = 0;
			defaultConfigurationName = Release;
		};
		93DC326E15E72494005D4EE6 /* Build configuration list for PBXNativeTarget "tumblrsdk" */ = {
			isa = XCConfigurationList;
			buildConfigurations = (
				93DC326F15E72494005D4EE6 /* Debug */,
				93DC327015E72494005D4EE6 /* Release */,
			);
			defaultConfigurationIsVisible = 0;
		};
		93DC327115E72494005D4EE6 /* Build configuration list for PBXNativeTarget "tumblrsdkTests" */ = {
			isa = XCConfigurationList;
			buildConfigurations = (
				93DC327215E72494005D4EE6 /* Debug */,
				93DC327315E72494005D4EE6 /* Release */,
			);
			defaultConfigurationIsVisible = 0;
		};
/* End XCConfigurationList section */
	};
	rootObject = 93DC324015E72493005D4EE6 /* Project object */;
}
