// !$*UTF8*$!
{
	archiveVersion = 1;
	classes = {
	};
	objectVersion = 46;
	objects = {

/* Begin PBXBuildFile section */
		93E52A74168BB43700E5471A /* Foundation.framework in Frameworks */ = {isa = PBXBuildFile; fileRef = 93E52A73168BB43700E5471A /* Foundation.framework */; };
		93E52A83168BB43700E5471A /* SenTestingKit.framework in Frameworks */ = {isa = PBXBuildFile; fileRef = 93E52A82168BB43700E5471A /* SenTestingKit.framework */; };
		93E52A85168BB43700E5471A /* UIKit.framework in Frameworks */ = {isa = PBXBuildFile; fileRef = 93E52A84168BB43700E5471A /* UIKit.framework */; };
		93E52A86168BB43700E5471A /* Foundation.framework in Frameworks */ = {isa = PBXBuildFile; fileRef = 93E52A73168BB43700E5471A /* Foundation.framework */; };
		93E52A89168BB43700E5471A /* libTumblrSDK.a in Frameworks */ = {isa = PBXBuildFile; fileRef = 93E52A70168BB43700E5471A /* libTumblrSDK.a */; };
		93E52AA1168BB47100E5471A /* TMAPIClient.m in Sources */ = {isa = PBXBuildFile; fileRef = 93E52AA0168BB47100E5471A /* TMAPIClient.m */; };
		93E52AAB168BB4B600E5471A /* TMAPIClientTest.m in Sources */ = {isa = PBXBuildFile; fileRef = 93E52AAA168BB4B600E5471A /* TMAPIClientTest.m */; };
		93E52AAE168BB50300E5471A /* burrito.png in Resources */ = {isa = PBXBuildFile; fileRef = 93E52AAC168BB50300E5471A /* burrito.png */; };
		93E52AAF168BB50300E5471A /* Credentials.plist in Resources */ = {isa = PBXBuildFile; fileRef = 93E52AAD168BB50300E5471A /* Credentials.plist */; };
		DE4AF4EDA6D242258F88797D /* libPods.a in Frameworks */ = {isa = PBXBuildFile; fileRef = 4027A38887244210991EA792 /* libPods.a */; };
/* End PBXBuildFile section */

/* Begin PBXContainerItemProxy section */
		93E52A87168BB43700E5471A /* PBXContainerItemProxy */ = {
			isa = PBXContainerItemProxy;
			containerPortal = 93E52A67168BB43600E5471A /* Project object */;
			proxyType = 1;
			remoteGlobalIDString = 93E52A6F168BB43600E5471A;
			remoteInfo = TumblrSDK;
		};
/* End PBXContainerItemProxy section */

/* Begin PBXCopyFilesBuildPhase section */
		93E52A6E168BB43600E5471A /* CopyFiles */ = {
			isa = PBXCopyFilesBuildPhase;
			buildActionMask = 2147483647;
			dstPath = "include/${PRODUCT_NAME}";
			dstSubfolderSpec = 16;
			files = (
			);
			runOnlyForDeploymentPostprocessing = 0;
		};
/* End PBXCopyFilesBuildPhase section */

/* Begin PBXFileReference section */
		4027A38887244210991EA792 /* libPods.a */ = {isa = PBXFileReference; explicitFileType = archive.ar; includeInIndex = 0; path = libPods.a; sourceTree = BUILT_PRODUCTS_DIR; };
		93E52A70168BB43700E5471A /* libTumblrSDK.a */ = {isa = PBXFileReference; explicitFileType = archive.ar; includeInIndex = 0; path = libTumblrSDK.a; sourceTree = BUILT_PRODUCTS_DIR; };
		93E52A73168BB43700E5471A /* Foundation.framework */ = {isa = PBXFileReference; lastKnownFileType = wrapper.framework; name = Foundation.framework; path = System/Library/Frameworks/Foundation.framework; sourceTree = SDKROOT; };
		93E52A77168BB43700E5471A /* TumblrSDK-Prefix.pch */ = {isa = PBXFileReference; lastKnownFileType = sourcecode.c.h; path = "TumblrSDK-Prefix.pch"; sourceTree = "<group>"; };
		93E52A81168BB43700E5471A /* TumblrSDKTests.octest */ = {isa = PBXFileReference; explicitFileType = wrapper.cfbundle; includeInIndex = 0; path = TumblrSDKTests.octest; sourceTree = BUILT_PRODUCTS_DIR; };
		93E52A82168BB43700E5471A /* SenTestingKit.framework */ = {isa = PBXFileReference; lastKnownFileType = wrapper.framework; name = SenTestingKit.framework; path = Library/Frameworks/SenTestingKit.framework; sourceTree = DEVELOPER_DIR; };
		93E52A84168BB43700E5471A /* UIKit.framework */ = {isa = PBXFileReference; lastKnownFileType = wrapper.framework; name = UIKit.framework; path = Library/Frameworks/UIKit.framework; sourceTree = DEVELOPER_DIR; };
		93E52A8C168BB43700E5471A /* TumblrSDKTests-Info.plist */ = {isa = PBXFileReference; lastKnownFileType = text.plist.xml; path = "TumblrSDKTests-Info.plist"; sourceTree = "<group>"; };
		93E52A9F168BB47100E5471A /* TMAPIClient.h */ = {isa = PBXFileReference; fileEncoding = 4; lastKnownFileType = sourcecode.c.h; path = TMAPIClient.h; sourceTree = "<group>"; };
		93E52AA0168BB47100E5471A /* TMAPIClient.m */ = {isa = PBXFileReference; fileEncoding = 4; lastKnownFileType = sourcecode.c.objc; path = TMAPIClient.m; sourceTree = "<group>"; };
		93E52AA9168BB4B600E5471A /* TMAPIClientTest.h */ = {isa = PBXFileReference; fileEncoding = 4; lastKnownFileType = sourcecode.c.h; path = TMAPIClientTest.h; sourceTree = "<group>"; };
		93E52AAA168BB4B600E5471A /* TMAPIClientTest.m */ = {isa = PBXFileReference; fileEncoding = 4; lastKnownFileType = sourcecode.c.objc; path = TMAPIClientTest.m; sourceTree = "<group>"; };
		93E52AAC168BB50300E5471A /* burrito.png */ = {isa = PBXFileReference; lastKnownFileType = image.png; path = burrito.png; sourceTree = "<group>"; };
		93E52AAD168BB50300E5471A /* Credentials.plist */ = {isa = PBXFileReference; fileEncoding = 4; lastKnownFileType = text.plist.xml; path = Credentials.plist; sourceTree = "<group>"; };
		F38831AA3C424017B5DF52F4 /* Pods.xcconfig */ = {isa = PBXFileReference; includeInIndex = 1; lastKnownFileType = text.xcconfig; name = Pods.xcconfig; path = Pods/Pods.xcconfig; sourceTree = SOURCE_ROOT; };
/* End PBXFileReference section */

/* Begin PBXFrameworksBuildPhase section */
		93E52A6D168BB43600E5471A /* Frameworks */ = {
			isa = PBXFrameworksBuildPhase;
			buildActionMask = 2147483647;
			files = (
				93E52A74168BB43700E5471A /* Foundation.framework in Frameworks */,
				DE4AF4EDA6D242258F88797D /* libPods.a in Frameworks */,
			);
			runOnlyForDeploymentPostprocessing = 0;
		};
		93E52A7D168BB43700E5471A /* Frameworks */ = {
			isa = PBXFrameworksBuildPhase;
			buildActionMask = 2147483647;
			files = (
				93E52A83168BB43700E5471A /* SenTestingKit.framework in Frameworks */,
				93E52A85168BB43700E5471A /* UIKit.framework in Frameworks */,
				93E52A86168BB43700E5471A /* Foundation.framework in Frameworks */,
				93E52A89168BB43700E5471A /* libTumblrSDK.a in Frameworks */,
			);
			runOnlyForDeploymentPostprocessing = 0;
		};
/* End PBXFrameworksBuildPhase section */

/* Begin PBXGroup section */
		93E52A65168BB43600E5471A = {
			isa = PBXGroup;
			children = (
				93E52A75168BB43700E5471A /* TumblrSDK */,
				93E52A8A168BB43700E5471A /* TumblrSDKTests */,
				93E52A72168BB43700E5471A /* Frameworks */,
				93E52A71168BB43700E5471A /* Products */,
				F38831AA3C424017B5DF52F4 /* Pods.xcconfig */,
			);
			sourceTree = "<group>";
		};
		93E52A71168BB43700E5471A /* Products */ = {
			isa = PBXGroup;
			children = (
				93E52A70168BB43700E5471A /* libTumblrSDK.a */,
				93E52A81168BB43700E5471A /* TumblrSDKTests.octest */,
			);
			name = Products;
			sourceTree = "<group>";
		};
		93E52A72168BB43700E5471A /* Frameworks */ = {
			isa = PBXGroup;
			children = (
				93E52A73168BB43700E5471A /* Foundation.framework */,
				93E52A82168BB43700E5471A /* SenTestingKit.framework */,
				93E52A84168BB43700E5471A /* UIKit.framework */,
				4027A38887244210991EA792 /* libPods.a */,
			);
			name = Frameworks;
			sourceTree = "<group>";
		};
		93E52A75168BB43700E5471A /* TumblrSDK */ = {
			isa = PBXGroup;
			children = (
				93E52A9F168BB47100E5471A /* TMAPIClient.h */,
				93E52AA0168BB47100E5471A /* TMAPIClient.m */,
				93E52A76168BB43700E5471A /* Supporting Files */,
			);
			path = TumblrSDK;
			sourceTree = "<group>";
		};
		93E52A76168BB43700E5471A /* Supporting Files */ = {
			isa = PBXGroup;
			children = (
				93E52A77168BB43700E5471A /* TumblrSDK-Prefix.pch */,
			);
			name = "Supporting Files";
			sourceTree = "<group>";
		};
		93E52A8A168BB43700E5471A /* TumblrSDKTests */ = {
			isa = PBXGroup;
			children = (
				93E52AA9168BB4B600E5471A /* TMAPIClientTest.h */,
				93E52AAA168BB4B600E5471A /* TMAPIClientTest.m */,
				93E52A8B168BB43700E5471A /* Supporting Files */,
			);
			path = TumblrSDKTests;
			sourceTree = "<group>";
		};
		93E52A8B168BB43700E5471A /* Supporting Files */ = {
			isa = PBXGroup;
			children = (
				93E52AAC168BB50300E5471A /* burrito.png */,
				93E52AAD168BB50300E5471A /* Credentials.plist */,
				93E52A8C168BB43700E5471A /* TumblrSDKTests-Info.plist */,
			);
			name = "Supporting Files";
			sourceTree = "<group>";
		};
/* End PBXGroup section */

/* Begin PBXNativeTarget section */
		93E52A6F168BB43600E5471A /* TumblrSDK */ = {
			isa = PBXNativeTarget;
			buildConfigurationList = 93E52A95168BB43700E5471A /* Build configuration list for PBXNativeTarget "TumblrSDK" */;
			buildPhases = (
				93E52A6C168BB43600E5471A /* Sources */,
				93E52A6D168BB43600E5471A /* Frameworks */,
				93E52A6E168BB43600E5471A /* CopyFiles */,
				B5A34012BD204318BABDF5EB /* Copy Pods Resources */,
			);
			buildRules = (
			);
			dependencies = (
			);
			name = TumblrSDK;
			productName = TumblrSDK;
			productReference = 93E52A70168BB43700E5471A /* libTumblrSDK.a */;
			productType = "com.apple.product-type.library.static";
		};
		93E52A80168BB43700E5471A /* TumblrSDKTests */ = {
			isa = PBXNativeTarget;
			buildConfigurationList = 93E52A98168BB43700E5471A /* Build configuration list for PBXNativeTarget "TumblrSDKTests" */;
			buildPhases = (
				93E52A7C168BB43700E5471A /* Sources */,
				93E52A7D168BB43700E5471A /* Frameworks */,
				93E52A7E168BB43700E5471A /* Resources */,
				93E52A7F168BB43700E5471A /* ShellScript */,
			);
			buildRules = (
			);
			dependencies = (
				93E52A88168BB43700E5471A /* PBXTargetDependency */,
			);
			name = TumblrSDKTests;
			productName = TumblrSDKTests;
			productReference = 93E52A81168BB43700E5471A /* TumblrSDKTests.octest */;
			productType = "com.apple.product-type.bundle";
		};
/* End PBXNativeTarget section */

/* Begin PBXProject section */
		93E52A67168BB43600E5471A /* Project object */ = {
			isa = PBXProject;
			attributes = {
				LastUpgradeCheck = 0450;
				ORGANIZATIONNAME = Tumblr;
			};
			buildConfigurationList = 93E52A6A168BB43600E5471A /* Build configuration list for PBXProject "TumblrSDK" */;
			compatibilityVersion = "Xcode 3.2";
			developmentRegion = English;
			hasScannedForEncodings = 0;
			knownRegions = (
				en,
			);
			mainGroup = 93E52A65168BB43600E5471A;
			productRefGroup = 93E52A71168BB43700E5471A /* Products */;
			projectDirPath = "";
			projectRoot = "";
			targets = (
				93E52A6F168BB43600E5471A /* TumblrSDK */,
				93E52A80168BB43700E5471A /* TumblrSDKTests */,
			);
		};
/* End PBXProject section */

/* Begin PBXResourcesBuildPhase section */
		93E52A7E168BB43700E5471A /* Resources */ = {
			isa = PBXResourcesBuildPhase;
			buildActionMask = 2147483647;
			files = (
				93E52AAE168BB50300E5471A /* burrito.png in Resources */,
				93E52AAF168BB50300E5471A /* Credentials.plist in Resources */,
			);
			runOnlyForDeploymentPostprocessing = 0;
		};
/* End PBXResourcesBuildPhase section */

/* Begin PBXShellScriptBuildPhase section */
		93E52A7F168BB43700E5471A /* ShellScript */ = {
			isa = PBXShellScriptBuildPhase;
			buildActionMask = 2147483647;
			files = (
			);
			inputPaths = (
			);
			outputPaths = (
			);
			runOnlyForDeploymentPostprocessing = 0;
			shellPath = /bin/sh;
			shellScript = "# Run the unit tests in this test bundle.\n\"${SYSTEM_DEVELOPER_DIR}/Tools/RunUnitTests\"\n";
		};
		B5A34012BD204318BABDF5EB /* Copy Pods Resources */ = {
			isa = PBXShellScriptBuildPhase;
			buildActionMask = 2147483647;
			files = (
			);
			inputPaths = (
			);
			name = "Copy Pods Resources";
			outputPaths = (
			);
			runOnlyForDeploymentPostprocessing = 0;
			shellPath = /bin/sh;
			shellScript = "\"${SRCROOT}/Pods/Pods-resources.sh\"\n";
		};
/* End PBXShellScriptBuildPhase section */

/* Begin PBXSourcesBuildPhase section */
		93E52A6C168BB43600E5471A /* Sources */ = {
			isa = PBXSourcesBuildPhase;
			buildActionMask = 2147483647;
			files = (
				93E52AA1168BB47100E5471A /* TMAPIClient.m in Sources */,
			);
			runOnlyForDeploymentPostprocessing = 0;
		};
		93E52A7C168BB43700E5471A /* Sources */ = {
			isa = PBXSourcesBuildPhase;
			buildActionMask = 2147483647;
			files = (
				93E52AAB168BB4B600E5471A /* TMAPIClientTest.m in Sources */,
			);
			runOnlyForDeploymentPostprocessing = 0;
		};
/* End PBXSourcesBuildPhase section */

/* Begin PBXTargetDependency section */
		93E52A88168BB43700E5471A /* PBXTargetDependency */ = {
			isa = PBXTargetDependency;
			target = 93E52A6F168BB43600E5471A /* TumblrSDK */;
			targetProxy = 93E52A87168BB43700E5471A /* PBXContainerItemProxy */;
		};
/* End PBXTargetDependency section */

/* Begin XCBuildConfiguration section */
		93E52A93168BB43700E5471A /* Debug */ = {
			isa = XCBuildConfiguration;
			buildSettings = {
				ALWAYS_SEARCH_USER_PATHS = NO;
				CLANG_CXX_LANGUAGE_STANDARD = "gnu++0x";
				CLANG_CXX_LIBRARY = "libc++";
				CLANG_WARN_EMPTY_BODY = YES;
				CLANG_WARN__DUPLICATE_METHOD_MATCH = YES;
				COPY_PHASE_STRIP = NO;
				GCC_C_LANGUAGE_STANDARD = gnu99;
				GCC_DYNAMIC_NO_PIC = NO;
				GCC_OPTIMIZATION_LEVEL = 0;
				GCC_PREPROCESSOR_DEFINITIONS = (
					"DEBUG=1",
					"$(inherited)",
				);
				GCC_SYMBOLS_PRIVATE_EXTERN = NO;
				GCC_WARN_ABOUT_RETURN_TYPE = YES;
				GCC_WARN_UNINITIALIZED_AUTOS = YES;
				GCC_WARN_UNUSED_VARIABLE = YES;
				IPHONEOS_DEPLOYMENT_TARGET = 6.0;
				ONLY_ACTIVE_ARCH = YES;
				SDKROOT = iphoneos;
			};
			name = Debug;
		};
		93E52A94168BB43700E5471A /* Release */ = {
			isa = XCBuildConfiguration;
			buildSettings = {
				ALWAYS_SEARCH_USER_PATHS = NO;
				CLANG_CXX_LANGUAGE_STANDARD = "gnu++0x";
				CLANG_CXX_LIBRARY = "libc++";
				CLANG_WARN_EMPTY_BODY = YES;
				CLANG_WARN__DUPLICATE_METHOD_MATCH = YES;
				COPY_PHASE_STRIP = YES;
				GCC_C_LANGUAGE_STANDARD = gnu99;
				GCC_WARN_ABOUT_RETURN_TYPE = YES;
				GCC_WARN_UNINITIALIZED_AUTOS = YES;
				GCC_WARN_UNUSED_VARIABLE = YES;
				IPHONEOS_DEPLOYMENT_TARGET = 6.0;
				SDKROOT = iphoneos;
				VALIDATE_PRODUCT = YES;
			};
			name = Release;
		};
		93E52A96168BB43700E5471A /* Debug */ = {
			isa = XCBuildConfiguration;
			baseConfigurationReference = F38831AA3C424017B5DF52F4 /* Pods.xcconfig */;
			buildSettings = {
				DSTROOT = /tmp/TumblrSDK.dst;
				GCC_PRECOMPILE_PREFIX_HEADER = YES;
				GCC_PREFIX_HEADER = "TumblrSDK/TumblrSDK-Prefix.pch";
				OTHER_LDFLAGS = (
					"-ObjC",
					"${inherited}",
				);
				PRODUCT_NAME = "$(TARGET_NAME)";
				SKIP_INSTALL = YES;
			};
			name = Debug;
		};
		93E52A97168BB43700E5471A /* Release */ = {
			isa = XCBuildConfiguration;
			baseConfigurationReference = F38831AA3C424017B5DF52F4 /* Pods.xcconfig */;
			buildSettings = {
				DSTROOT = /tmp/TumblrSDK.dst;
				GCC_PRECOMPILE_PREFIX_HEADER = YES;
				GCC_PREFIX_HEADER = "TumblrSDK/TumblrSDK-Prefix.pch";
				OTHER_LDFLAGS = (
					"-ObjC",
					"${inherited}",
				);
				PRODUCT_NAME = "$(TARGET_NAME)";
				SKIP_INSTALL = YES;
			};
			name = Release;
		};
		93E52A99168BB43700E5471A /* Debug */ = {
			isa = XCBuildConfiguration;
			buildSettings = {
				FRAMEWORK_SEARCH_PATHS = (
					"\"$(SDKROOT)/Developer/Library/Frameworks\"",
					"\"$(DEVELOPER_LIBRARY_DIR)/Frameworks\"",
				);
				GCC_PRECOMPILE_PREFIX_HEADER = YES;
				GCC_PREFIX_HEADER = "TumblrSDK/TumblrSDK-Prefix.pch";
				HEADER_SEARCH_PATHS = (
					"${SRCROOT}/Pods/Headers/TumblrAuthentication",
					"${SRCROOT}/Pods/Headers/NSData+Base64",
					"${SRCROOT}/Pods/Headers/JXHTTP",
					"${SRCROOT}/Pods/Headers",
				);
				INFOPLIST_FILE = "TumblrSDKTests/TumblrSDKTests-Info.plist";
				OTHER_LDFLAGS = "-ObjC";
				PRODUCT_NAME = "$(TARGET_NAME)";
				WRAPPER_EXTENSION = octest;
			};
			name = Debug;
		};
		93E52A9A168BB43700E5471A /* Release */ = {
			isa = XCBuildConfiguration;
			buildSettings = {
				FRAMEWORK_SEARCH_PATHS = (
					"\"$(SDKROOT)/Developer/Library/Frameworks\"",
					"\"$(DEVELOPER_LIBRARY_DIR)/Frameworks\"",
				);
				GCC_PRECOMPILE_PREFIX_HEADER = YES;
				GCC_PREFIX_HEADER = "TumblrSDK/TumblrSDK-Prefix.pch";
				HEADER_SEARCH_PATHS = (
					"${SRCROOT}/Pods/Headers/TumblrAuthentication",
					"${SRCROOT}/Pods/Headers/NSData+Base64",
					"${SRCROOT}/Pods/Headers/JXHTTP",
					"${SRCROOT}/Pods/Headers",
				);
				INFOPLIST_FILE = "TumblrSDKTests/TumblrSDKTests-Info.plist";
				OTHER_LDFLAGS = "-ObjC";
				PRODUCT_NAME = "$(TARGET_NAME)";
				WRAPPER_EXTENSION = octest;
			};
			name = Release;
		};
/* End XCBuildConfiguration section */

/* Begin XCConfigurationList section */
		93E52A6A168BB43600E5471A /* Build configuration list for PBXProject "TumblrSDK" */ = {
			isa = XCConfigurationList;
			buildConfigurations = (
				93E52A93168BB43700E5471A /* Debug */,
				93E52A94168BB43700E5471A /* Release */,
			);
			defaultConfigurationIsVisible = 0;
			defaultConfigurationName = Release;
		};
		93E52A95168BB43700E5471A /* Build configuration list for PBXNativeTarget "TumblrSDK" */ = {
			isa = XCConfigurationList;
			buildConfigurations = (
				93E52A96168BB43700E5471A /* Debug */,
				93E52A97168BB43700E5471A /* Release */,
			);
			defaultConfigurationIsVisible = 0;
			defaultConfigurationName = Release;
		};
		93E52A98168BB43700E5471A /* Build configuration list for PBXNativeTarget "TumblrSDKTests" */ = {
			isa = XCConfigurationList;
			buildConfigurations = (
				93E52A99168BB43700E5471A /* Debug */,
				93E52A9A168BB43700E5471A /* Release */,
			);
			defaultConfigurationIsVisible = 0;
			defaultConfigurationName = Release;
		};
/* End XCConfigurationList section */
	};
	rootObject = 93E52A67168BB43600E5471A /* Project object */;
}
