// !$*UTF8*$!
{
	archiveVersion = 1;
	classes = {
	};
	objectVersion = 46;
	objects = {

/* Begin PBXBuildFile section */
		1EDE4D66A241460799D8917D /* libPods.a in Frameworks */ = {isa = PBXBuildFile; fileRef = 4027A38887244210991EA792 /* libPods.a */; };
		9330592E16F9281500868C9C /* TMAPIClient.m in Sources */ = {isa = PBXBuildFile; fileRef = 9330592D16F9281500868C9C /* TMAPIClient.m */; };
		933875311868881800D392D6 /* XCTest.framework in Frameworks */ = {isa = PBXBuildFile; fileRef = 933875301868881800D392D6 /* XCTest.framework */; };
		933875321868881800D392D6 /* Foundation.framework in Frameworks */ = {isa = PBXBuildFile; fileRef = 93E52A73168BB43700E5471A /* Foundation.framework */; };
		933875331868881800D392D6 /* UIKit.framework in Frameworks */ = {isa = PBXBuildFile; fileRef = 93E52A84168BB43700E5471A /* UIKit.framework */; };
		933875391868881800D392D6 /* InfoPlist.strings in Resources */ = {isa = PBXBuildFile; fileRef = 933875371868881800D392D6 /* InfoPlist.strings */; };
		939A43FE1861164C005351B9 /* TMHTTPRequestSerializer.m in Sources */ = {isa = PBXBuildFile; fileRef = 939A43FD1861164C005351B9 /* TMHTTPRequestSerializer.m */; };
		93A3902616FCE5C80045183F /* TMTumblrActivity.m in Sources */ = {isa = PBXBuildFile; fileRef = 93A3902116FCE5C80045183F /* TMTumblrActivity.m */; };
		93BAE9501709328B00E7E490 /* TMSDKFunctions.m in Sources */ = {isa = PBXBuildFile; fileRef = 93BAE94F1709328B00E7E490 /* TMSDKFunctions.m */; };
		93C3967C186889050089EC3B /* TMAPIClient.m in Sources */ = {isa = PBXBuildFile; fileRef = 9330592D16F9281500868C9C /* TMAPIClient.m */; };
		93C3967D186889240089EC3B /* TMHTTPSessionManager.m in Sources */ = {isa = PBXBuildFile; fileRef = 93D9EBB918526E3800EE27FA /* TMHTTPSessionManager.m */; };
		93C3967E186889270089EC3B /* TMHTTPRequestSerializer.m in Sources */ = {isa = PBXBuildFile; fileRef = 939A43FD1861164C005351B9 /* TMHTTPRequestSerializer.m */; };
		93C3967F186889390089EC3B /* TMOAuth.m in Sources */ = {isa = PBXBuildFile; fileRef = 93F8E38D16F921C6004CA7D5 /* TMOAuth.m */; };
		93C39680186889460089EC3B /* TMTumblrAuthenticator.m in Sources */ = {isa = PBXBuildFile; fileRef = 93F8E38F16F921C6004CA7D5 /* TMTumblrAuthenticator.m */; };
		93C39681186889590089EC3B /* TMSDKFunctions.m in Sources */ = {isa = PBXBuildFile; fileRef = 93BAE94F1709328B00E7E490 /* TMSDKFunctions.m */; };
		93D9EBBA18526E3800EE27FA /* TMHTTPSessionManager.m in Sources */ = {isa = PBXBuildFile; fileRef = 93D9EBB918526E3800EE27FA /* TMHTTPSessionManager.m */; };
		93E52A74168BB43700E5471A /* Foundation.framework in Frameworks */ = {isa = PBXBuildFile; fileRef = 93E52A73168BB43700E5471A /* Foundation.framework */; };
		93F8E38B16F921BE004CA7D5 /* TMTumblrAppClient.m in Sources */ = {isa = PBXBuildFile; fileRef = 93F8E38516F921BE004CA7D5 /* TMTumblrAppClient.m */; };
		93F8E39016F921C6004CA7D5 /* TMOAuth.m in Sources */ = {isa = PBXBuildFile; fileRef = 93F8E38D16F921C6004CA7D5 /* TMOAuth.m */; };
		93F8E39116F921C6004CA7D5 /* TMTumblrAuthenticator.m in Sources */ = {isa = PBXBuildFile; fileRef = 93F8E38F16F921C6004CA7D5 /* TMTumblrAuthenticator.m */; };
		DE4AF4EDA6D242258F88797D /* libPods.a in Frameworks */ = {isa = PBXBuildFile; fileRef = 4027A38887244210991EA792 /* libPods.a */; };
/* End PBXBuildFile section */

/* Begin PBXContainerItemProxy section */
		9338753D1868881800D392D6 /* PBXContainerItemProxy */ = {
			isa = PBXContainerItemProxy;
			containerPortal = 93E52A67168BB43600E5471A /* Project object */;
			proxyType = 1;
			remoteGlobalIDString = 93E52A6F168BB43600E5471A;
			remoteInfo = TMTumblrSDK;
		};
/* End PBXContainerItemProxy section */

/* Begin PBXCopyFilesBuildPhase section */
		93E52A6E168BB43600E5471A /* CopyFiles */ = {
			isa = PBXCopyFilesBuildPhase;
			buildActionMask = 2147483647;
			dstPath = "include/${PRODUCT_NAME}";
			dstSubfolderSpec = 16;
			files = (
			);
			runOnlyForDeploymentPostprocessing = 0;
		};
/* End PBXCopyFilesBuildPhase section */

/* Begin PBXFileReference section */
		4027A38887244210991EA792 /* libPods.a */ = {isa = PBXFileReference; explicitFileType = archive.ar; includeInIndex = 0; path = libPods.a; sourceTree = BUILT_PRODUCTS_DIR; };
		491CDDF816FA0B6700C657BF /* libPods-test.a */ = {isa = PBXFileReference; lastKnownFileType = archive.ar; name = "libPods-test.a"; path = "Pods/build/Release-iphoneos/libPods-test.a"; sourceTree = "<group>"; };
		9330592C16F9281500868C9C /* TMAPIClient.h */ = {isa = PBXFileReference; fileEncoding = 4; lastKnownFileType = sourcecode.c.h; path = TMAPIClient.h; sourceTree = "<group>"; };
		9330592D16F9281500868C9C /* TMAPIClient.m */ = {isa = PBXFileReference; fileEncoding = 4; lastKnownFileType = sourcecode.c.objc; path = TMAPIClient.m; sourceTree = "<group>"; };
		9338752F1868881800D392D6 /* TMTumblrSDKTests.xctest */ = {isa = PBXFileReference; explicitFileType = wrapper.cfbundle; includeInIndex = 0; path = TMTumblrSDKTests.xctest; sourceTree = BUILT_PRODUCTS_DIR; };
		933875301868881800D392D6 /* XCTest.framework */ = {isa = PBXFileReference; lastKnownFileType = wrapper.framework; name = XCTest.framework; path = Library/Frameworks/XCTest.framework; sourceTree = DEVELOPER_DIR; };
		933875361868881800D392D6 /* TMTumblrSDKTests-Info.plist */ = {isa = PBXFileReference; lastKnownFileType = text.plist.xml; path = "TMTumblrSDKTests-Info.plist"; sourceTree = "<group>"; };
		933875381868881800D392D6 /* en */ = {isa = PBXFileReference; lastKnownFileType = text.plist.strings; name = en; path = en.lproj/InfoPlist.strings; sourceTree = "<group>"; };
		9338753C1868881800D392D6 /* TMTumblrSDKTests-Prefix.pch */ = {isa = PBXFileReference; lastKnownFileType = sourcecode.c.h; path = "TMTumblrSDKTests-Prefix.pch"; sourceTree = "<group>"; };
		939A43FC1861164C005351B9 /* TMHTTPRequestSerializer.h */ = {isa = PBXFileReference; fileEncoding = 4; lastKnownFileType = sourcecode.c.h; path = TMHTTPRequestSerializer.h; sourceTree = "<group>"; };
		939A43FD1861164C005351B9 /* TMHTTPRequestSerializer.m */ = {isa = PBXFileReference; fileEncoding = 4; lastKnownFileType = sourcecode.c.objc; path = TMHTTPRequestSerializer.m; sourceTree = "<group>"; };
		93A3902016FCE5C80045183F /* TMTumblrActivity.h */ = {isa = PBXFileReference; fileEncoding = 4; lastKnownFileType = sourcecode.c.h; path = TMTumblrActivity.h; sourceTree = "<group>"; };
		93A3902116FCE5C80045183F /* TMTumblrActivity.m */ = {isa = PBXFileReference; fileEncoding = 4; lastKnownFileType = sourcecode.c.objc; path = TMTumblrActivity.m; sourceTree = "<group>"; };
		93A3902216FCE5C80045183F /* UIActivityTumblr.png */ = {isa = PBXFileReference; lastKnownFileType = image.png; path = UIActivityTumblr.png; sourceTree = "<group>"; };
		93A3902316FCE5C80045183F /* UIActivityTumblr@2x.png */ = {isa = PBXFileReference; lastKnownFileType = image.png; path = "UIActivityTumblr@2x.png"; sourceTree = "<group>"; };
		93A3902416FCE5C80045183F /* UIActivityTumblr@2x~ipad.png */ = {isa = PBXFileReference; lastKnownFileType = image.png; path = "UIActivityTumblr@2x~ipad.png"; sourceTree = "<group>"; };
		93A3902516FCE5C80045183F /* UIActivityTumblr~ipad.png */ = {isa = PBXFileReference; lastKnownFileType = image.png; path = "UIActivityTumblr~ipad.png"; sourceTree = "<group>"; };
		93BAE94E1709328B00E7E490 /* TMSDKFunctions.h */ = {isa = PBXFileReference; fileEncoding = 4; lastKnownFileType = sourcecode.c.h; path = TMSDKFunctions.h; sourceTree = "<group>"; };
		93BAE94F1709328B00E7E490 /* TMSDKFunctions.m */ = {isa = PBXFileReference; fileEncoding = 4; lastKnownFileType = sourcecode.c.objc; path = TMSDKFunctions.m; sourceTree = "<group>"; };
		93D9EBB818526E3800EE27FA /* TMHTTPSessionManager.h */ = {isa = PBXFileReference; fileEncoding = 4; lastKnownFileType = sourcecode.c.h; path = TMHTTPSessionManager.h; sourceTree = "<group>"; };
		93D9EBB918526E3800EE27FA /* TMHTTPSessionManager.m */ = {isa = PBXFileReference; fileEncoding = 4; lastKnownFileType = sourcecode.c.objc; path = TMHTTPSessionManager.m; sourceTree = "<group>"; };
		93E52A70168BB43700E5471A /* libTMTumblrSDK.a */ = {isa = PBXFileReference; explicitFileType = archive.ar; includeInIndex = 0; path = libTMTumblrSDK.a; sourceTree = BUILT_PRODUCTS_DIR; };
		93E52A73168BB43700E5471A /* Foundation.framework */ = {isa = PBXFileReference; lastKnownFileType = wrapper.framework; name = Foundation.framework; path = System/Library/Frameworks/Foundation.framework; sourceTree = SDKROOT; };
		93E52A77168BB43700E5471A /* TMTumblrSDK-Prefix.pch */ = {isa = PBXFileReference; lastKnownFileType = sourcecode.c.h; path = "TMTumblrSDK-Prefix.pch"; sourceTree = "<group>"; };
		93E52A82168BB43700E5471A /* SenTestingKit.framework */ = {isa = PBXFileReference; lastKnownFileType = wrapper.framework; name = SenTestingKit.framework; path = Library/Frameworks/SenTestingKit.framework; sourceTree = DEVELOPER_DIR; };
		93E52A84168BB43700E5471A /* UIKit.framework */ = {isa = PBXFileReference; lastKnownFileType = wrapper.framework; name = UIKit.framework; path = Library/Frameworks/UIKit.framework; sourceTree = DEVELOPER_DIR; };
		93F82514185953BB007F1145 /* TMAPIBlocks.h */ = {isa = PBXFileReference; fileEncoding = 4; lastKnownFileType = sourcecode.c.h; path = TMAPIBlocks.h; sourceTree = "<group>"; };
		93F8E38416F921BE004CA7D5 /* TMTumblrAppClient.h */ = {isa = PBXFileReference; fileEncoding = 4; lastKnownFileType = sourcecode.c.h; path = TMTumblrAppClient.h; sourceTree = "<group>"; };
		93F8E38516F921BE004CA7D5 /* TMTumblrAppClient.m */ = {isa = PBXFileReference; fileEncoding = 4; lastKnownFileType = sourcecode.c.objc; path = TMTumblrAppClient.m; sourceTree = "<group>"; };
		93F8E38C16F921C6004CA7D5 /* TMOAuth.h */ = {isa = PBXFileReference; fileEncoding = 4; lastKnownFileType = sourcecode.c.h; path = TMOAuth.h; sourceTree = "<group>"; };
		93F8E38D16F921C6004CA7D5 /* TMOAuth.m */ = {isa = PBXFileReference; fileEncoding = 4; lastKnownFileType = sourcecode.c.objc; path = TMOAuth.m; sourceTree = "<group>"; };
		93F8E38E16F921C6004CA7D5 /* TMTumblrAuthenticator.h */ = {isa = PBXFileReference; fileEncoding = 4; lastKnownFileType = sourcecode.c.h; path = TMTumblrAuthenticator.h; sourceTree = "<group>"; };
		93F8E38F16F921C6004CA7D5 /* TMTumblrAuthenticator.m */ = {isa = PBXFileReference; fileEncoding = 4; lastKnownFileType = sourcecode.c.objc; path = TMTumblrAuthenticator.m; sourceTree = "<group>"; };
		F38831AA3C424017B5DF52F4 /* Pods.xcconfig */ = {isa = PBXFileReference; includeInIndex = 1; lastKnownFileType = text.xcconfig; name = Pods.xcconfig; path = Pods/Pods.xcconfig; sourceTree = SOURCE_ROOT; };
/* End PBXFileReference section */

/* Begin PBXFrameworksBuildPhase section */
		9338752C1868881800D392D6 /* Frameworks */ = {
			isa = PBXFrameworksBuildPhase;
			buildActionMask = 2147483647;
			files = (
				933875311868881800D392D6 /* XCTest.framework in Frameworks */,
				933875331868881800D392D6 /* UIKit.framework in Frameworks */,
				933875321868881800D392D6 /* Foundation.framework in Frameworks */,
				1EDE4D66A241460799D8917D /* libPods.a in Frameworks */,
			);
			runOnlyForDeploymentPostprocessing = 0;
		};
		93E52A6D168BB43600E5471A /* Frameworks */ = {
			isa = PBXFrameworksBuildPhase;
			buildActionMask = 2147483647;
			files = (
				93E52A74168BB43700E5471A /* Foundation.framework in Frameworks */,
				DE4AF4EDA6D242258F88797D /* libPods.a in Frameworks */,
			);
			runOnlyForDeploymentPostprocessing = 0;
		};
/* End PBXFrameworksBuildPhase section */

/* Begin PBXGroup section */
		9330592B16F927F100868C9C /* API Client */ = {
			isa = PBXGroup;
			children = (
				93F82514185953BB007F1145 /* TMAPIBlocks.h */,
				9330592C16F9281500868C9C /* TMAPIClient.h */,
				9330592D16F9281500868C9C /* TMAPIClient.m */,
				93D9EBB818526E3800EE27FA /* TMHTTPSessionManager.h */,
				93D9EBB918526E3800EE27FA /* TMHTTPSessionManager.m */,
				939A43FC1861164C005351B9 /* TMHTTPRequestSerializer.h */,
				939A43FD1861164C005351B9 /* TMHTTPRequestSerializer.m */,
			);
			name = "API Client";
			path = APIClient;
			sourceTree = "<group>";
		};
		933875341868881800D392D6 /* TMTumblrSDKTests */ = {
			isa = PBXGroup;
			children = (
				933875351868881800D392D6 /* Supporting Files */,
			);
			path = TMTumblrSDKTests;
			sourceTree = "<group>";
		};
		933875351868881800D392D6 /* Supporting Files */ = {
			isa = PBXGroup;
			children = (
				933875361868881800D392D6 /* TMTumblrSDKTests-Info.plist */,
				933875371868881800D392D6 /* InfoPlist.strings */,
				9338753C1868881800D392D6 /* TMTumblrSDKTests-Prefix.pch */,
			);
			name = "Supporting Files";
			sourceTree = "<group>";
		};
		93A3901F16FCE5A30045183F /* Activity */ = {
			isa = PBXGroup;
			children = (
				93A3902016FCE5C80045183F /* TMTumblrActivity.h */,
				93A3902116FCE5C80045183F /* TMTumblrActivity.m */,
				93A3902216FCE5C80045183F /* UIActivityTumblr.png */,
				93A3902316FCE5C80045183F /* UIActivityTumblr@2x.png */,
				93A3902416FCE5C80045183F /* UIActivityTumblr@2x~ipad.png */,
				93A3902516FCE5C80045183F /* UIActivityTumblr~ipad.png */,
			);
			path = Activity;
			sourceTree = "<group>";
		};
		93BAE94D1709326E00E7E490 /* Core */ = {
			isa = PBXGroup;
			children = (
				93BAE94E1709328B00E7E490 /* TMSDKFunctions.h */,
				93BAE94F1709328B00E7E490 /* TMSDKFunctions.m */,
			);
			path = Core;
			sourceTree = "<group>";
		};
		93E52A65168BB43600E5471A = {
			isa = PBXGroup;
			children = (
				93E52A75168BB43700E5471A /* TMTumblrSDK */,
				933875341868881800D392D6 /* TMTumblrSDKTests */,
				93E52A72168BB43700E5471A /* Frameworks */,
				93E52A71168BB43700E5471A /* Products */,
				F38831AA3C424017B5DF52F4 /* Pods.xcconfig */,
			);
			sourceTree = "<group>";
		};
		93E52A71168BB43700E5471A /* Products */ = {
			isa = PBXGroup;
			children = (
				93E52A70168BB43700E5471A /* libTMTumblrSDK.a */,
				9338752F1868881800D392D6 /* TMTumblrSDKTests.xctest */,
			);
			name = Products;
			sourceTree = "<group>";
		};
		93E52A72168BB43700E5471A /* Frameworks */ = {
			isa = PBXGroup;
			children = (
				93E52A73168BB43700E5471A /* Foundation.framework */,
				93E52A82168BB43700E5471A /* SenTestingKit.framework */,
				93E52A84168BB43700E5471A /* UIKit.framework */,
				491CDDF816FA0B6700C657BF /* libPods-test.a */,
				4027A38887244210991EA792 /* libPods.a */,
				933875301868881800D392D6 /* XCTest.framework */,
			);
			name = Frameworks;
			sourceTree = "<group>";
		};
		93E52A75168BB43700E5471A /* TMTumblrSDK */ = {
			isa = PBXGroup;
			children = (
				93A3901F16FCE5A30045183F /* Activity */,
				9330592B16F927F100868C9C /* API Client */,
				93F8E38116F92191004CA7D5 /* App Client */,
				93F8E38016F92189004CA7D5 /* Authentication */,
				93BAE94D1709326E00E7E490 /* Core */,
				93E52A76168BB43700E5471A /* Supporting Files */,
			);
			path = TMTumblrSDK;
			sourceTree = "<group>";
		};
		93E52A76168BB43700E5471A /* Supporting Files */ = {
			isa = PBXGroup;
			children = (
				93E52A77168BB43700E5471A /* TMTumblrSDK-Prefix.pch */,
			);
			name = "Supporting Files";
			sourceTree = "<group>";
		};
		93F8E38016F92189004CA7D5 /* Authentication */ = {
			isa = PBXGroup;
			children = (
				93F8E38C16F921C6004CA7D5 /* TMOAuth.h */,
				93F8E38D16F921C6004CA7D5 /* TMOAuth.m */,
				93F8E38E16F921C6004CA7D5 /* TMTumblrAuthenticator.h */,
				93F8E38F16F921C6004CA7D5 /* TMTumblrAuthenticator.m */,
			);
			path = Authentication;
			sourceTree = "<group>";
		};
		93F8E38116F92191004CA7D5 /* App Client */ = {
			isa = PBXGroup;
			children = (
				93F8E38416F921BE004CA7D5 /* TMTumblrAppClient.h */,
				93F8E38516F921BE004CA7D5 /* TMTumblrAppClient.m */,
			);
			name = "App Client";
			path = AppClient;
			sourceTree = "<group>";
		};
/* End PBXGroup section */

/* Begin PBXNativeTarget section */
		9338752E1868881800D392D6 /* TMTumblrSDKTests */ = {
			isa = PBXNativeTarget;
			buildConfigurationList = 9338753F1868881800D392D6 /* Build configuration list for PBXNativeTarget "TMTumblrSDKTests" */;
			buildPhases = (
				4E3716F2113749E899B0C5A2 /* Check Pods Manifest.lock */,
				9338752B1868881800D392D6 /* Sources */,
				9338752C1868881800D392D6 /* Frameworks */,
				9338752D1868881800D392D6 /* Resources */,
				44440083980E4A919F654A84 /* Copy Pods Resources */,
			);
			buildRules = (
			);
			dependencies = (
				9338753E1868881800D392D6 /* PBXTargetDependency */,
			);
			name = TMTumblrSDKTests;
			productName = TMTumblrSDKTests;
			productReference = 9338752F1868881800D392D6 /* TMTumblrSDKTests.xctest */;
			productType = "com.apple.product-type.bundle.unit-test";
		};
		93E52A6F168BB43600E5471A /* TMTumblrSDK */ = {
			isa = PBXNativeTarget;
			buildConfigurationList = 93E52A95168BB43700E5471A /* Build configuration list for PBXNativeTarget "TMTumblrSDK" */;
			buildPhases = (
				93E52A6C168BB43600E5471A /* Sources */,
				93E52A6D168BB43600E5471A /* Frameworks */,
				93E52A6E168BB43600E5471A /* CopyFiles */,
				B5A34012BD204318BABDF5EB /* Copy Pods Resources */,
			);
			buildRules = (
			);
			dependencies = (
			);
			name = TMTumblrSDK;
			productName = TumblrSDK;
			productReference = 93E52A70168BB43700E5471A /* libTMTumblrSDK.a */;
			productType = "com.apple.product-type.library.static";
		};
/* End PBXNativeTarget section */

/* Begin PBXProject section */
		93E52A67168BB43600E5471A /* Project object */ = {
			isa = PBXProject;
			attributes = {
				LastUpgradeCheck = 0450;
				ORGANIZATIONNAME = Tumblr;
				TargetAttributes = {
					9338752E1868881800D392D6 = {
						TestTargetID = 93E52A6F168BB43600E5471A;
					};
				};
			};
			buildConfigurationList = 93E52A6A168BB43600E5471A /* Build configuration list for PBXProject "TMTumblrSDK" */;
			compatibilityVersion = "Xcode 3.2";
			developmentRegion = English;
			hasScannedForEncodings = 0;
			knownRegions = (
				en,
			);
			mainGroup = 93E52A65168BB43600E5471A;
			productRefGroup = 93E52A71168BB43700E5471A /* Products */;
			projectDirPath = "";
			projectRoot = "";
			targets = (
				93E52A6F168BB43600E5471A /* TMTumblrSDK */,
				9338752E1868881800D392D6 /* TMTumblrSDKTests */,
			);
		};
/* End PBXProject section */

/* Begin PBXResourcesBuildPhase section */
		9338752D1868881800D392D6 /* Resources */ = {
			isa = PBXResourcesBuildPhase;
			buildActionMask = 2147483647;
			files = (
				933875391868881800D392D6 /* InfoPlist.strings in Resources */,
			);
			runOnlyForDeploymentPostprocessing = 0;
		};
/* End PBXResourcesBuildPhase section */

/* Begin PBXShellScriptBuildPhase section */
		44440083980E4A919F654A84 /* Copy Pods Resources */ = {
			isa = PBXShellScriptBuildPhase;
			buildActionMask = 2147483647;
			files = (
			);
			inputPaths = (
			);
			name = "Copy Pods Resources";
			outputPaths = (
			);
			runOnlyForDeploymentPostprocessing = 0;
			shellPath = /bin/sh;
			shellScript = "\"${SRCROOT}/Pods/Pods-resources.sh\"\n";
			showEnvVarsInLog = 0;
		};
		4E3716F2113749E899B0C5A2 /* Check Pods Manifest.lock */ = {
			isa = PBXShellScriptBuildPhase;
			buildActionMask = 2147483647;
			files = (
			);
			inputPaths = (
			);
			name = "Check Pods Manifest.lock";
			outputPaths = (
			);
			runOnlyForDeploymentPostprocessing = 0;
			shellPath = /bin/sh;
			shellScript = "diff \"${PODS_ROOT}/../Podfile.lock\" \"${PODS_ROOT}/Manifest.lock\" > /dev/null\nif [[ $? != 0 ]] ; then\n    cat << EOM\nerror: The sandbox is not in sync with the Podfile.lock. Run 'pod install' or update your CocoaPods installation.\nEOM\n    exit 1\nfi\n";
			showEnvVarsInLog = 0;
		};
		B5A34012BD204318BABDF5EB /* Copy Pods Resources */ = {
			isa = PBXShellScriptBuildPhase;
			buildActionMask = 2147483647;
			files = (
			);
			inputPaths = (
			);
			name = "Copy Pods Resources";
			outputPaths = (
			);
			runOnlyForDeploymentPostprocessing = 0;
			shellPath = /bin/sh;
			shellScript = "\"${SRCROOT}/Pods/Pods-resources.sh\"\n";
			showEnvVarsInLog = 0;
		};
/* End PBXShellScriptBuildPhase section */

/* Begin PBXSourcesBuildPhase section */
		9338752B1868881800D392D6 /* Sources */ = {
			isa = PBXSourcesBuildPhase;
			buildActionMask = 2147483647;
			files = (
				93C3967C186889050089EC3B /* TMAPIClient.m in Sources */,
				93C3967D186889240089EC3B /* TMHTTPSessionManager.m in Sources */,
				93C39680186889460089EC3B /* TMTumblrAuthenticator.m in Sources */,
				93C3967E186889270089EC3B /* TMHTTPRequestSerializer.m in Sources */,
				93C3967F186889390089EC3B /* TMOAuth.m in Sources */,
				93C39681186889590089EC3B /* TMSDKFunctions.m in Sources */,
			);
			runOnlyForDeploymentPostprocessing = 0;
		};
		93E52A6C168BB43600E5471A /* Sources */ = {
			isa = PBXSourcesBuildPhase;
			buildActionMask = 2147483647;
			files = (
				93F8E38B16F921BE004CA7D5 /* TMTumblrAppClient.m in Sources */,
				93F8E39016F921C6004CA7D5 /* TMOAuth.m in Sources */,
				939A43FE1861164C005351B9 /* TMHTTPRequestSerializer.m in Sources */,
				93D9EBBA18526E3800EE27FA /* TMHTTPSessionManager.m in Sources */,
				93F8E39116F921C6004CA7D5 /* TMTumblrAuthenticator.m in Sources */,
				9330592E16F9281500868C9C /* TMAPIClient.m in Sources */,
				93A3902616FCE5C80045183F /* TMTumblrActivity.m in Sources */,
				93BAE9501709328B00E7E490 /* TMSDKFunctions.m in Sources */,
			);
			runOnlyForDeploymentPostprocessing = 0;
		};
/* End PBXSourcesBuildPhase section */

/* Begin PBXTargetDependency section */
		9338753E1868881800D392D6 /* PBXTargetDependency */ = {
			isa = PBXTargetDependency;
			target = 93E52A6F168BB43600E5471A /* TMTumblrSDK */;
			targetProxy = 9338753D1868881800D392D6 /* PBXContainerItemProxy */;
		};
/* End PBXTargetDependency section */

/* Begin PBXVariantGroup section */
		933875371868881800D392D6 /* InfoPlist.strings */ = {
			isa = PBXVariantGroup;
			children = (
				933875381868881800D392D6 /* en */,
			);
			name = InfoPlist.strings;
			sourceTree = "<group>";
		};
/* End PBXVariantGroup section */

/* Begin XCBuildConfiguration section */
		933875401868881800D392D6 /* Debug */ = {
			isa = XCBuildConfiguration;
			baseConfigurationReference = F38831AA3C424017B5DF52F4 /* Pods.xcconfig */;
			buildSettings = {
				ARCHS = "$(ARCHS_STANDARD_INCLUDING_64_BIT)";
				CLANG_ENABLE_MODULES = YES;
				CLANG_ENABLE_OBJC_ARC = YES;
				CLANG_WARN_BOOL_CONVERSION = YES;
				CLANG_WARN_CONSTANT_CONVERSION = YES;
				CLANG_WARN_DIRECT_OBJC_ISA_USAGE = YES_ERROR;
				CLANG_WARN_ENUM_CONVERSION = YES;
				CLANG_WARN_INT_CONVERSION = YES;
				CLANG_WARN_OBJC_ROOT_CLASS = YES_ERROR;
				FRAMEWORK_SEARCH_PATHS = (
					"$(SDKROOT)/Developer/Library/Frameworks",
					"$(inherited)",
					"$(DEVELOPER_FRAMEWORKS_DIR)",
				);
				GCC_PRECOMPILE_PREFIX_HEADER = YES;
				GCC_PREFIX_HEADER = "TMTumblrSDKTests/TMTumblrSDKTests-Prefix.pch";
				GCC_PREPROCESSOR_DEFINITIONS = (
					"DEBUG=1",
					"$(inherited)",
				);
				GCC_WARN_64_TO_32_BIT_CONVERSION = YES;
				GCC_WARN_ABOUT_RETURN_TYPE = YES_ERROR;
				GCC_WARN_UNDECLARED_SELECTOR = YES;
				GCC_WARN_UNINITIALIZED_AUTOS = YES_AGGRESSIVE;
				GCC_WARN_UNUSED_FUNCTION = YES;
				INFOPLIST_FILE = "TMTumblrSDKTests/TMTumblrSDKTests-Info.plist";
				IPHONEOS_DEPLOYMENT_TARGET = 7.1;
				PRODUCT_NAME = "$(TARGET_NAME)";
				WRAPPER_EXTENSION = xctest;
			};
			name = Debug;
		};
		933875411868881800D392D6 /* Release */ = {
			isa = XCBuildConfiguration;
			baseConfigurationReference = F38831AA3C424017B5DF52F4 /* Pods.xcconfig */;
			buildSettings = {
				ARCHS = "$(ARCHS_STANDARD_INCLUDING_64_BIT)";
				CLANG_ENABLE_MODULES = YES;
				CLANG_ENABLE_OBJC_ARC = YES;
				CLANG_WARN_BOOL_CONVERSION = YES;
				CLANG_WARN_CONSTANT_CONVERSION = YES;
				CLANG_WARN_DIRECT_OBJC_ISA_USAGE = YES_ERROR;
				CLANG_WARN_ENUM_CONVERSION = YES;
				CLANG_WARN_INT_CONVERSION = YES;
				CLANG_WARN_OBJC_ROOT_CLASS = YES_ERROR;
				ENABLE_NS_ASSERTIONS = NO;
				FRAMEWORK_SEARCH_PATHS = (
					"$(SDKROOT)/Developer/Library/Frameworks",
					"$(inherited)",
					"$(DEVELOPER_FRAMEWORKS_DIR)",
				);
				GCC_PRECOMPILE_PREFIX_HEADER = YES;
				GCC_PREFIX_HEADER = "TMTumblrSDKTests/TMTumblrSDKTests-Prefix.pch";
				GCC_WARN_64_TO_32_BIT_CONVERSION = YES;
				GCC_WARN_ABOUT_RETURN_TYPE = YES_ERROR;
				GCC_WARN_UNDECLARED_SELECTOR = YES;
				GCC_WARN_UNINITIALIZED_AUTOS = YES_AGGRESSIVE;
				GCC_WARN_UNUSED_FUNCTION = YES;
				INFOPLIST_FILE = "TMTumblrSDKTests/TMTumblrSDKTests-Info.plist";
				IPHONEOS_DEPLOYMENT_TARGET = 7.1;
				PRODUCT_NAME = "$(TARGET_NAME)";
				WRAPPER_EXTENSION = xctest;
			};
			name = Release;
		};
		93E52A93168BB43700E5471A /* Debug */ = {
			isa = XCBuildConfiguration;
			buildSettings = {
				ALWAYS_SEARCH_USER_PATHS = NO;
				CLANG_CXX_LANGUAGE_STANDARD = "gnu++0x";
				CLANG_CXX_LIBRARY = "libc++";
				CLANG_WARN_EMPTY_BODY = YES;
				CLANG_WARN__DUPLICATE_METHOD_MATCH = YES;
				COPY_PHASE_STRIP = NO;
				GCC_C_LANGUAGE_STANDARD = gnu99;
				GCC_DYNAMIC_NO_PIC = NO;
				GCC_OPTIMIZATION_LEVEL = 0;
				GCC_PREPROCESSOR_DEFINITIONS = (
					"DEBUG=1",
					"$(inherited)",
				);
				GCC_SYMBOLS_PRIVATE_EXTERN = NO;
				GCC_WARN_ABOUT_RETURN_TYPE = YES;
				GCC_WARN_UNINITIALIZED_AUTOS = YES;
				GCC_WARN_UNUSED_VARIABLE = YES;
				IPHONEOS_DEPLOYMENT_TARGET = 6.0;
				ONLY_ACTIVE_ARCH = YES;
				SDKROOT = iphoneos;
			};
			name = Debug;
		};
		93E52A94168BB43700E5471A /* Release */ = {
			isa = XCBuildConfiguration;
			buildSettings = {
				ALWAYS_SEARCH_USER_PATHS = NO;
				CLANG_CXX_LANGUAGE_STANDARD = "gnu++0x";
				CLANG_CXX_LIBRARY = "libc++";
				CLANG_WARN_EMPTY_BODY = YES;
				CLANG_WARN__DUPLICATE_METHOD_MATCH = YES;
				COPY_PHASE_STRIP = YES;
				GCC_C_LANGUAGE_STANDARD = gnu99;
				GCC_WARN_ABOUT_RETURN_TYPE = YES;
				GCC_WARN_UNINITIALIZED_AUTOS = YES;
				GCC_WARN_UNUSED_VARIABLE = YES;
				IPHONEOS_DEPLOYMENT_TARGET = 6.0;
				SDKROOT = iphoneos;
				VALIDATE_PRODUCT = YES;
			};
			name = Release;
		};
		93E52A96168BB43700E5471A /* Debug */ = {
			isa = XCBuildConfiguration;
			baseConfigurationReference = F38831AA3C424017B5DF52F4 /* Pods.xcconfig */;
			buildSettings = {
				CLANG_ENABLE_OBJC_ARC = YES;
				DSTROOT = /tmp/TumblrSDK.dst;
				GCC_PRECOMPILE_PREFIX_HEADER = YES;
				GCC_PREFIX_HEADER = "TMTumblrSDK/TMTumblrSDK-Prefix.pch";
				ONLY_ACTIVE_ARCH = YES;
				OTHER_LDFLAGS = (
					"-ObjC",
					"${inherited}",
				);
				PRODUCT_NAME = TMTumblrSDK;
				SKIP_INSTALL = YES;
			};
			name = Debug;
		};
		93E52A97168BB43700E5471A /* Release */ = {
			isa = XCBuildConfiguration;
			baseConfigurationReference = F38831AA3C424017B5DF52F4 /* Pods.xcconfig */;
			buildSettings = {
				CLANG_ENABLE_OBJC_ARC = YES;
				DSTROOT = /tmp/TumblrSDK.dst;
				GCC_PRECOMPILE_PREFIX_HEADER = YES;
				GCC_PREFIX_HEADER = "TMTumblrSDK/TMTumblrSDK-Prefix.pch";
				OTHER_LDFLAGS = (
					"-ObjC",
					"${inherited}",
				);
				PRODUCT_NAME = TMTumblrSDK;
				SKIP_INSTALL = YES;
			};
			name = Release;
		};
/* End XCBuildConfiguration section */

/* Begin XCConfigurationList section */
		9338753F1868881800D392D6 /* Build configuration list for PBXNativeTarget "TMTumblrSDKTests" */ = {
			isa = XCConfigurationList;
			buildConfigurations = (
				933875401868881800D392D6 /* Debug */,
				933875411868881800D392D6 /* Release */,
			);
			defaultConfigurationIsVisible = 0;
			defaultConfigurationName = Release;
		};
		93E52A6A168BB43600E5471A /* Build configuration list for PBXProject "TMTumblrSDK" */ = {
			isa = XCConfigurationList;
			buildConfigurations = (
				93E52A93168BB43700E5471A /* Debug */,
				93E52A94168BB43700E5471A /* Release */,
			);
			defaultConfigurationIsVisible = 0;
			defaultConfigurationName = Release;
		};
		93E52A95168BB43700E5471A /* Build configuration list for PBXNativeTarget "TMTumblrSDK" */ = {
			isa = XCConfigurationList;
			buildConfigurations = (
				93E52A96168BB43700E5471A /* Debug */,
				93E52A97168BB43700E5471A /* Release */,
			);
			defaultConfigurationIsVisible = 0;
			defaultConfigurationName = Release;
		};
/* End XCConfigurationList section */
	};
	rootObject = 93E52A67168BB43600E5471A /* Project object */;
}
