// !$*UTF8*$!
{
	archiveVersion = 1;
	classes = {
	};
	objectVersion = 46;
	objects = {

/* Begin PBXBuildFile section */
		9330592E16F9281500868C9C /* TMAPIClient.m in Sources */ = {isa = PBXBuildFile; fileRef = 9330592D16F9281500868C9C /* TMAPIClient.m */; };
		93A015C11B0696E20047F8C4 /* libTMTumblrSDK.a in Frameworks */ = {isa = PBXBuildFile; fileRef = 93E52A70168BB43700E5471A /* libTMTumblrSDK.a */; };
		93A015C91B0696EF0047F8C4 /* TMSDKFunctionsTest.m in Sources */ = {isa = PBXBuildFile; fileRef = 93A015C81B0696EF0047F8C4 /* TMSDKFunctionsTest.m */; };
		93A3902616FCE5C80045183F /* TMTumblrActivity.m in Sources */ = {isa = PBXBuildFile; fileRef = 93A3902116FCE5C80045183F /* TMTumblrActivity.m */; };
		93B345C11A4218CF00E39E3B /* TMSDKUserAgent.m in Sources */ = {isa = PBXBuildFile; fileRef = 93B345C01A4218CF00E39E3B /* TMSDKUserAgent.m */; };
		93BAE9501709328B00E7E490 /* TMSDKFunctions.m in Sources */ = {isa = PBXBuildFile; fileRef = 93BAE94F1709328B00E7E490 /* TMSDKFunctions.m */; };
		93E52A74168BB43700E5471A /* Foundation.framework in Frameworks */ = {isa = PBXBuildFile; fileRef = 93E52A73168BB43700E5471A /* Foundation.framework */; };
		93F8E38B16F921BE004CA7D5 /* TMTumblrAppClient.m in Sources */ = {isa = PBXBuildFile; fileRef = 93F8E38516F921BE004CA7D5 /* TMTumblrAppClient.m */; };
		93F8E39016F921C6004CA7D5 /* TMOAuth.m in Sources */ = {isa = PBXBuildFile; fileRef = 93F8E38D16F921C6004CA7D5 /* TMOAuth.m */; };
		93F8E39116F921C6004CA7D5 /* TMTumblrAuthenticator.m in Sources */ = {isa = PBXBuildFile; fileRef = 93F8E38F16F921C6004CA7D5 /* TMTumblrAuthenticator.m */; };
		DE4AF4EDA6D242258F88797D /* libPods.a in Frameworks */ = {isa = PBXBuildFile; fileRef = 4027A38887244210991EA792 /* libPods.a */; };
/* End PBXBuildFile section */

/* Begin PBXContainerItemProxy section */
		93A015C21B0696E20047F8C4 /* PBXContainerItemProxy */ = {
			isa = PBXContainerItemProxy;
			containerPortal = 93E52A67168BB43600E5471A /* Project object */;
			proxyType = 1;
			remoteGlobalIDString = 93E52A6F168BB43600E5471A;
			remoteInfo = TMTumblrSDK;
		};
/* End PBXContainerItemProxy section */

/* Begin PBXCopyFilesBuildPhase section */
		93E52A6E168BB43600E5471A /* CopyFiles */ = {
			isa = PBXCopyFilesBuildPhase;
			buildActionMask = 2147483647;
			dstPath = "include/${PRODUCT_NAME}";
			dstSubfolderSpec = 16;
			files = (
			);
			runOnlyForDeploymentPostprocessing = 0;
		};
/* End PBXCopyFilesBuildPhase section */

/* Begin PBXFileReference section */
		31A058DCC0CC202A3623AED0 /* Pods-test.debug.xcconfig */ = {isa = PBXFileReference; includeInIndex = 1; lastKnownFileType = text.xcconfig; name = "Pods-test.debug.xcconfig"; path = "Pods/Target Support Files/Pods-test/Pods-test.debug.xcconfig"; sourceTree = "<group>"; };
		4027A38887244210991EA792 /* libPods.a */ = {isa = PBXFileReference; explicitFileType = archive.ar; includeInIndex = 0; path = libPods.a; sourceTree = BUILT_PRODUCTS_DIR; };
		491CDDF816FA0B6700C657BF /* libPods-test.a */ = {isa = PBXFileReference; lastKnownFileType = archive.ar; name = "libPods-test.a"; path = "Pods/build/Release-iphoneos/libPods-test.a"; sourceTree = "<group>"; };
		707D63CABE628B94B84E4437 /* Pods-test.release.xcconfig */ = {isa = PBXFileReference; includeInIndex = 1; lastKnownFileType = text.xcconfig; name = "Pods-test.release.xcconfig"; path = "Pods/Target Support Files/Pods-test/Pods-test.release.xcconfig"; sourceTree = "<group>"; };
		9330592C16F9281500868C9C /* TMAPIClient.h */ = {isa = PBXFileReference; fileEncoding = 4; lastKnownFileType = sourcecode.c.h; path = TMAPIClient.h; sourceTree = "<group>"; };
		9330592D16F9281500868C9C /* TMAPIClient.m */ = {isa = PBXFileReference; fileEncoding = 4; lastKnownFileType = sourcecode.c.objc; path = TMAPIClient.m; sourceTree = "<group>"; };
		93A015BB1B0696E20047F8C4 /* Tests.xctest */ = {isa = PBXFileReference; explicitFileType = wrapper.cfbundle; includeInIndex = 0; path = Tests.xctest; sourceTree = BUILT_PRODUCTS_DIR; };
		93A015BE1B0696E20047F8C4 /* Info.plist */ = {isa = PBXFileReference; lastKnownFileType = text.plist.xml; path = Info.plist; sourceTree = "<group>"; };
		93A015C81B0696EF0047F8C4 /* TMSDKFunctionsTest.m */ = {isa = PBXFileReference; fileEncoding = 4; lastKnownFileType = sourcecode.c.objc; path = TMSDKFunctionsTest.m; sourceTree = "<group>"; };
		93A3902016FCE5C80045183F /* TMTumblrActivity.h */ = {isa = PBXFileReference; fileEncoding = 4; lastKnownFileType = sourcecode.c.h; path = TMTumblrActivity.h; sourceTree = "<group>"; };
		93A3902116FCE5C80045183F /* TMTumblrActivity.m */ = {isa = PBXFileReference; fileEncoding = 4; lastKnownFileType = sourcecode.c.objc; path = TMTumblrActivity.m; sourceTree = "<group>"; };
		93A3902216FCE5C80045183F /* UIActivityTumblr.png */ = {isa = PBXFileReference; lastKnownFileType = image.png; path = UIActivityTumblr.png; sourceTree = "<group>"; };
		93A3902316FCE5C80045183F /* UIActivityTumblr@2x.png */ = {isa = PBXFileReference; lastKnownFileType = image.png; path = "UIActivityTumblr@2x.png"; sourceTree = "<group>"; };
		93A3902416FCE5C80045183F /* UIActivityTumblr@2x~ipad.png */ = {isa = PBXFileReference; lastKnownFileType = image.png; path = "UIActivityTumblr@2x~ipad.png"; sourceTree = "<group>"; };
		93A3902516FCE5C80045183F /* UIActivityTumblr~ipad.png */ = {isa = PBXFileReference; lastKnownFileType = image.png; path = "UIActivityTumblr~ipad.png"; sourceTree = "<group>"; };
		93B345BF1A4218CF00E39E3B /* TMSDKUserAgent.h */ = {isa = PBXFileReference; fileEncoding = 4; lastKnownFileType = sourcecode.c.h; path = TMSDKUserAgent.h; sourceTree = "<group>"; };
		93B345C01A4218CF00E39E3B /* TMSDKUserAgent.m */ = {isa = PBXFileReference; fileEncoding = 4; lastKnownFileType = sourcecode.c.objc; path = TMSDKUserAgent.m; sourceTree = "<group>"; };
		93B345C21A42197400E39E3B /* TMTumblrSDK.podspec.json */ = {isa = PBXFileReference; fileEncoding = 4; lastKnownFileType = text.json; path = TMTumblrSDK.podspec.json; sourceTree = SOURCE_ROOT; };
		93BAE94E1709328B00E7E490 /* TMSDKFunctions.h */ = {isa = PBXFileReference; fileEncoding = 4; lastKnownFileType = sourcecode.c.h; path = TMSDKFunctions.h; sourceTree = "<group>"; };
		93BAE94F1709328B00E7E490 /* TMSDKFunctions.m */ = {isa = PBXFileReference; fileEncoding = 4; lastKnownFileType = sourcecode.c.objc; path = TMSDKFunctions.m; sourceTree = "<group>"; };
		93E52A70168BB43700E5471A /* libTMTumblrSDK.a */ = {isa = PBXFileReference; explicitFileType = archive.ar; includeInIndex = 0; path = libTMTumblrSDK.a; sourceTree = BUILT_PRODUCTS_DIR; };
		93E52A73168BB43700E5471A /* Foundation.framework */ = {isa = PBXFileReference; lastKnownFileType = wrapper.framework; name = Foundation.framework; path = System/Library/Frameworks/Foundation.framework; sourceTree = SDKROOT; };
		93E52A77168BB43700E5471A /* TMTumblrSDK-Prefix.pch */ = {isa = PBXFileReference; lastKnownFileType = sourcecode.c.h; path = "TMTumblrSDK-Prefix.pch"; sourceTree = "<group>"; };
		93E52A84168BB43700E5471A /* UIKit.framework */ = {isa = PBXFileReference; lastKnownFileType = wrapper.framework; name = UIKit.framework; path = Library/Frameworks/UIKit.framework; sourceTree = DEVELOPER_DIR; };
		93F8E38416F921BE004CA7D5 /* TMTumblrAppClient.h */ = {isa = PBXFileReference; fileEncoding = 4; lastKnownFileType = sourcecode.c.h; path = TMTumblrAppClient.h; sourceTree = "<group>"; };
		93F8E38516F921BE004CA7D5 /* TMTumblrAppClient.m */ = {isa = PBXFileReference; fileEncoding = 4; lastKnownFileType = sourcecode.c.objc; path = TMTumblrAppClient.m; sourceTree = "<group>"; };
		93F8E38C16F921C6004CA7D5 /* TMOAuth.h */ = {isa = PBXFileReference; fileEncoding = 4; lastKnownFileType = sourcecode.c.h; path = TMOAuth.h; sourceTree = "<group>"; };
		93F8E38D16F921C6004CA7D5 /* TMOAuth.m */ = {isa = PBXFileReference; fileEncoding = 4; lastKnownFileType = sourcecode.c.objc; path = TMOAuth.m; sourceTree = "<group>"; };
		93F8E38E16F921C6004CA7D5 /* TMTumblrAuthenticator.h */ = {isa = PBXFileReference; fileEncoding = 4; lastKnownFileType = sourcecode.c.h; path = TMTumblrAuthenticator.h; sourceTree = "<group>"; };
		93F8E38F16F921C6004CA7D5 /* TMTumblrAuthenticator.m */ = {isa = PBXFileReference; fileEncoding = 4; lastKnownFileType = sourcecode.c.objc; path = TMTumblrAuthenticator.m; sourceTree = "<group>"; };
		BDD19E73B3BF8B7C6E532A05 /* Pods.debug.xcconfig */ = {isa = PBXFileReference; includeInIndex = 1; lastKnownFileType = text.xcconfig; name = Pods.debug.xcconfig; path = "Pods/Target Support Files/Pods/Pods.debug.xcconfig"; sourceTree = "<group>"; };
		F20180682E41431BF494938D /* Pods.release.xcconfig */ = {isa = PBXFileReference; includeInIndex = 1; lastKnownFileType = text.xcconfig; name = Pods.release.xcconfig; path = "Pods/Target Support Files/Pods/Pods.release.xcconfig"; sourceTree = "<group>"; };
/* End PBXFileReference section */

/* Begin PBXFrameworksBuildPhase section */
		93A015B81B0696E20047F8C4 /* Frameworks */ = {
			isa = PBXFrameworksBuildPhase;
			buildActionMask = 2147483647;
			files = (
				93A015C11B0696E20047F8C4 /* libTMTumblrSDK.a in Frameworks */,
			);
			runOnlyForDeploymentPostprocessing = 0;
		};
		93E52A6D168BB43600E5471A /* Frameworks */ = {
			isa = PBXFrameworksBuildPhase;
			buildActionMask = 2147483647;
			files = (
				93E52A74168BB43700E5471A /* Foundation.framework in Frameworks */,
				DE4AF4EDA6D242258F88797D /* libPods.a in Frameworks */,
			);
			runOnlyForDeploymentPostprocessing = 0;
		};
/* End PBXFrameworksBuildPhase section */

/* Begin PBXGroup section */
		9330592B16F927F100868C9C /* API Client */ = {
			isa = PBXGroup;
			children = (
				9330592C16F9281500868C9C /* TMAPIClient.h */,
				9330592D16F9281500868C9C /* TMAPIClient.m */,
			);
			name = "API Client";
			path = APIClient;
			sourceTree = "<group>";
		};
		93A015BC1B0696E20047F8C4 /* Tests */ = {
			isa = PBXGroup;
			children = (
				93A015C81B0696EF0047F8C4 /* TMSDKFunctionsTest.m */,
				93A015BD1B0696E20047F8C4 /* Supporting Files */,
			);
			path = Tests;
			sourceTree = "<group>";
		};
		93A015BD1B0696E20047F8C4 /* Supporting Files */ = {
			isa = PBXGroup;
			children = (
				93A015BE1B0696E20047F8C4 /* Info.plist */,
			);
			name = "Supporting Files";
			sourceTree = "<group>";
		};
		93A3901F16FCE5A30045183F /* Activity */ = {
			isa = PBXGroup;
			children = (
				93A3902016FCE5C80045183F /* TMTumblrActivity.h */,
				93A3902116FCE5C80045183F /* TMTumblrActivity.m */,
				93A3902216FCE5C80045183F /* UIActivityTumblr.png */,
				93A3902316FCE5C80045183F /* UIActivityTumblr@2x.png */,
				93A3902416FCE5C80045183F /* UIActivityTumblr@2x~ipad.png */,
				93A3902516FCE5C80045183F /* UIActivityTumblr~ipad.png */,
			);
			path = Activity;
			sourceTree = "<group>";
		};
		93BAE94D1709326E00E7E490 /* Core */ = {
			isa = PBXGroup;
			children = (
				93BAE94E1709328B00E7E490 /* TMSDKFunctions.h */,
				93BAE94F1709328B00E7E490 /* TMSDKFunctions.m */,
				93B345BF1A4218CF00E39E3B /* TMSDKUserAgent.h */,
				93B345C01A4218CF00E39E3B /* TMSDKUserAgent.m */,
			);
			path = Core;
			sourceTree = "<group>";
		};
		93E52A65168BB43600E5471A = {
			isa = PBXGroup;
			children = (
				93E52A75168BB43700E5471A /* TMTumblrSDK */,
				93A015BC1B0696E20047F8C4 /* Tests */,
				93E52A72168BB43700E5471A /* Frameworks */,
				93E52A71168BB43700E5471A /* Products */,
				CFBD71A0D056DF789C9678BA /* Pods */,
			);
			sourceTree = "<group>";
		};
		93E52A71168BB43700E5471A /* Products */ = {
			isa = PBXGroup;
			children = (
				93E52A70168BB43700E5471A /* libTMTumblrSDK.a */,
				93A015BB1B0696E20047F8C4 /* Tests.xctest */,
			);
			name = Products;
			sourceTree = "<group>";
		};
		93E52A72168BB43700E5471A /* Frameworks */ = {
			isa = PBXGroup;
			children = (
				93E52A73168BB43700E5471A /* Foundation.framework */,
				93E52A84168BB43700E5471A /* UIKit.framework */,
				491CDDF816FA0B6700C657BF /* libPods-test.a */,
				4027A38887244210991EA792 /* libPods.a */,
			);
			name = Frameworks;
			sourceTree = "<group>";
		};
		93E52A75168BB43700E5471A /* TMTumblrSDK */ = {
			isa = PBXGroup;
			children = (
				93A3901F16FCE5A30045183F /* Activity */,
				9330592B16F927F100868C9C /* API Client */,
				93F8E38116F92191004CA7D5 /* App Client */,
				93F8E38016F92189004CA7D5 /* Authentication */,
				93BAE94D1709326E00E7E490 /* Core */,
				93E52A76168BB43700E5471A /* Supporting Files */,
			);
			path = TMTumblrSDK;
			sourceTree = "<group>";
		};
		93E52A76168BB43700E5471A /* Supporting Files */ = {
			isa = PBXGroup;
			children = (
				93B345C21A42197400E39E3B /* TMTumblrSDK.podspec.json */,
				93E52A77168BB43700E5471A /* TMTumblrSDK-Prefix.pch */,
			);
			name = "Supporting Files";
			sourceTree = "<group>";
		};
		93F8E38016F92189004CA7D5 /* Authentication */ = {
			isa = PBXGroup;
			children = (
				93F8E38C16F921C6004CA7D5 /* TMOAuth.h */,
				93F8E38D16F921C6004CA7D5 /* TMOAuth.m */,
				93F8E38E16F921C6004CA7D5 /* TMTumblrAuthenticator.h */,
				93F8E38F16F921C6004CA7D5 /* TMTumblrAuthenticator.m */,
			);
			path = Authentication;
			sourceTree = "<group>";
		};
		93F8E38116F92191004CA7D5 /* App Client */ = {
			isa = PBXGroup;
			children = (
				93F8E38416F921BE004CA7D5 /* TMTumblrAppClient.h */,
				93F8E38516F921BE004CA7D5 /* TMTumblrAppClient.m */,
			);
			name = "App Client";
			path = AppClient;
			sourceTree = "<group>";
		};
		CFBD71A0D056DF789C9678BA /* Pods */ = {
			isa = PBXGroup;
			children = (
				BDD19E73B3BF8B7C6E532A05 /* Pods.debug.xcconfig */,
				F20180682E41431BF494938D /* Pods.release.xcconfig */,
				31A058DCC0CC202A3623AED0 /* Pods-test.debug.xcconfig */,
				707D63CABE628B94B84E4437 /* Pods-test.release.xcconfig */,
			);
			name = Pods;
			sourceTree = "<group>";
		};
/* End PBXGroup section */

/* Begin PBXNativeTarget section */
		93A015BA1B0696E20047F8C4 /* Tests */ = {
			isa = PBXNativeTarget;
			buildConfigurationList = 93A015C41B0696E20047F8C4 /* Build configuration list for PBXNativeTarget "Tests" */;
			buildPhases = (
				93A015B71B0696E20047F8C4 /* Sources */,
				93A015B81B0696E20047F8C4 /* Frameworks */,
				93A015B91B0696E20047F8C4 /* Resources */,
			);
			buildRules = (
			);
			dependencies = (
				93A015C31B0696E20047F8C4 /* PBXTargetDependency */,
			);
			name = Tests;
			productName = Tests;
			productReference = 93A015BB1B0696E20047F8C4 /* Tests.xctest */;
			productType = "com.apple.product-type.bundle.unit-test";
		};
		93E52A6F168BB43600E5471A /* TMTumblrSDK */ = {
			isa = PBXNativeTarget;
			buildConfigurationList = 93E52A95168BB43700E5471A /* Build configuration list for PBXNativeTarget "TMTumblrSDK" */;
			buildPhases = (
				93E52A6C168BB43600E5471A /* Sources */,
				93E52A6D168BB43600E5471A /* Frameworks */,
				93E52A6E168BB43600E5471A /* CopyFiles */,
				B5A34012BD204318BABDF5EB /* Copy Pods Resources */,
			);
			buildRules = (
			);
			dependencies = (
			);
			name = TMTumblrSDK;
			productName = TumblrSDK;
			productReference = 93E52A70168BB43700E5471A /* libTMTumblrSDK.a */;
			productType = "com.apple.product-type.library.static";
		};
/* End PBXNativeTarget section */

/* Begin PBXProject section */
		93E52A67168BB43600E5471A /* Project object */ = {
			isa = PBXProject;
			attributes = {
				LastTestingUpgradeCheck = 0510;
				LastUpgradeCheck = 0450;
				ORGANIZATIONNAME = Tumblr;
				TargetAttributes = {
					93A015BA1B0696E20047F8C4 = {
						CreatedOnToolsVersion = 6.3.1;
					};
				};
			};
			buildConfigurationList = 93E52A6A168BB43600E5471A /* Build configuration list for PBXProject "TMTumblrSDK" */;
			compatibilityVersion = "Xcode 3.2";
			developmentRegion = English;
			hasScannedForEncodings = 0;
			knownRegions = (
				en,
			);
			mainGroup = 93E52A65168BB43600E5471A;
			productRefGroup = 93E52A71168BB43700E5471A /* Products */;
			projectDirPath = "";
			projectRoot = "";
			targets = (
				93E52A6F168BB43600E5471A /* TMTumblrSDK */,
				93A015BA1B0696E20047F8C4 /* Tests */,
			);
		};
/* End PBXProject section */

/* Begin PBXResourcesBuildPhase section */
		93A015B91B0696E20047F8C4 /* Resources */ = {
			isa = PBXResourcesBuildPhase;
			buildActionMask = 2147483647;
			files = (
			);
			runOnlyForDeploymentPostprocessing = 0;
		};
/* End PBXResourcesBuildPhase section */

/* Begin PBXShellScriptBuildPhase section */
		B5A34012BD204318BABDF5EB /* Copy Pods Resources */ = {
			isa = PBXShellScriptBuildPhase;
			buildActionMask = 2147483647;
			files = (
			);
			inputPaths = (
			);
			name = "Copy Pods Resources";
			outputPaths = (
			);
			runOnlyForDeploymentPostprocessing = 0;
			shellPath = /bin/sh;
			shellScript = "\"${SRCROOT}/Pods/Target Support Files/Pods/Pods-resources.sh\"\n";
			showEnvVarsInLog = 0;
		};
/* End PBXShellScriptBuildPhase section */

/* Begin PBXSourcesBuildPhase section */
		93A015B71B0696E20047F8C4 /* Sources */ = {
			isa = PBXSourcesBuildPhase;
			buildActionMask = 2147483647;
			files = (
				93A015C91B0696EF0047F8C4 /* TMSDKFunctionsTest.m in Sources */,
			);
			runOnlyForDeploymentPostprocessing = 0;
		};
		93E52A6C168BB43600E5471A /* Sources */ = {
			isa = PBXSourcesBuildPhase;
			buildActionMask = 2147483647;
			files = (
				93F8E38B16F921BE004CA7D5 /* TMTumblrAppClient.m in Sources */,
				93F8E39016F921C6004CA7D5 /* TMOAuth.m in Sources */,
				93F8E39116F921C6004CA7D5 /* TMTumblrAuthenticator.m in Sources */,
				9330592E16F9281500868C9C /* TMAPIClient.m in Sources */,
				93A3902616FCE5C80045183F /* TMTumblrActivity.m in Sources */,
				93B345C11A4218CF00E39E3B /* TMSDKUserAgent.m in Sources */,
				93BAE9501709328B00E7E490 /* TMSDKFunctions.m in Sources */,
			);
			runOnlyForDeploymentPostprocessing = 0;
		};
/* End PBXSourcesBuildPhase section */

/* Begin PBXTargetDependency section */
		93A015C31B0696E20047F8C4 /* PBXTargetDependency */ = {
			isa = PBXTargetDependency;
			target = 93E52A6F168BB43600E5471A /* TMTumblrSDK */;
			targetProxy = 93A015C21B0696E20047F8C4 /* PBXContainerItemProxy */;
		};
/* End PBXTargetDependency section */

/* Begin XCBuildConfiguration section */
		93A015C51B0696E20047F8C4 /* Debug */ = {
			isa = XCBuildConfiguration;
			buildSettings = {
				CLANG_ENABLE_MODULES = YES;
				CLANG_ENABLE_OBJC_ARC = YES;
				CLANG_WARN_BOOL_CONVERSION = YES;
				CLANG_WARN_CONSTANT_CONVERSION = YES;
				CLANG_WARN_DIRECT_OBJC_ISA_USAGE = YES_ERROR;
				CLANG_WARN_ENUM_CONVERSION = YES;
				CLANG_WARN_INT_CONVERSION = YES;
				CLANG_WARN_OBJC_ROOT_CLASS = YES_ERROR;
				CLANG_WARN_UNREACHABLE_CODE = YES;
				DEBUG_INFORMATION_FORMAT = "dwarf-with-dsym";
				ENABLE_STRICT_OBJC_MSGSEND = YES;
				FRAMEWORK_SEARCH_PATHS = (
					"$(SDKROOT)/Developer/Library/Frameworks",
					"$(inherited)",
				);
				GCC_NO_COMMON_BLOCKS = YES;
				GCC_PREPROCESSOR_DEFINITIONS = (
					"DEBUG=1",
					"$(inherited)",
				);
				GCC_WARN_64_TO_32_BIT_CONVERSION = YES;
				GCC_WARN_ABOUT_RETURN_TYPE = YES_ERROR;
				GCC_WARN_UNDECLARED_SELECTOR = YES;
				GCC_WARN_UNINITIALIZED_AUTOS = YES_AGGRESSIVE;
				GCC_WARN_UNUSED_FUNCTION = YES;
				INFOPLIST_FILE = Tests/Info.plist;
				IPHONEOS_DEPLOYMENT_TARGET = 8.3;
				LD_RUNPATH_SEARCH_PATHS = "$(inherited) @executable_path/Frameworks @loader_path/Frameworks";
				MTL_ENABLE_DEBUG_INFO = YES;
				PRODUCT_NAME = "$(TARGET_NAME)";
			};
			name = Debug;
		};
		93A015C61B0696E20047F8C4 /* Release */ = {
			isa = XCBuildConfiguration;
			buildSettings = {
				CLANG_ENABLE_MODULES = YES;
				CLANG_ENABLE_OBJC_ARC = YES;
				CLANG_WARN_BOOL_CONVERSION = YES;
				CLANG_WARN_CONSTANT_CONVERSION = YES;
				CLANG_WARN_DIRECT_OBJC_ISA_USAGE = YES_ERROR;
				CLANG_WARN_ENUM_CONVERSION = YES;
				CLANG_WARN_INT_CONVERSION = YES;
				CLANG_WARN_OBJC_ROOT_CLASS = YES_ERROR;
				CLANG_WARN_UNREACHABLE_CODE = YES;
				COPY_PHASE_STRIP = NO;
				DEBUG_INFORMATION_FORMAT = "dwarf-with-dsym";
				ENABLE_NS_ASSERTIONS = NO;
				ENABLE_STRICT_OBJC_MSGSEND = YES;
				FRAMEWORK_SEARCH_PATHS = (
					"$(SDKROOT)/Developer/Library/Frameworks",
					"$(inherited)",
				);
				GCC_NO_COMMON_BLOCKS = YES;
				GCC_WARN_64_TO_32_BIT_CONVERSION = YES;
				GCC_WARN_ABOUT_RETURN_TYPE = YES_ERROR;
				GCC_WARN_UNDECLARED_SELECTOR = YES;
				GCC_WARN_UNINITIALIZED_AUTOS = YES_AGGRESSIVE;
				GCC_WARN_UNUSED_FUNCTION = YES;
				INFOPLIST_FILE = Tests/Info.plist;
				IPHONEOS_DEPLOYMENT_TARGET = 8.3;
				LD_RUNPATH_SEARCH_PATHS = "$(inherited) @executable_path/Frameworks @loader_path/Frameworks";
				MTL_ENABLE_DEBUG_INFO = NO;
				PRODUCT_NAME = "$(TARGET_NAME)";
			};
			name = Release;
		};
		93E52A93168BB43700E5471A /* Debug */ = {
			isa = XCBuildConfiguration;
			buildSettings = {
				ALWAYS_SEARCH_USER_PATHS = NO;
				CLANG_CXX_LANGUAGE_STANDARD = "gnu++0x";
				CLANG_CXX_LIBRARY = "libc++";
				CLANG_WARN_EMPTY_BODY = YES;
				CLANG_WARN__DUPLICATE_METHOD_MATCH = YES;
				COPY_PHASE_STRIP = NO;
				GCC_C_LANGUAGE_STANDARD = gnu99;
				GCC_DYNAMIC_NO_PIC = NO;
				GCC_OPTIMIZATION_LEVEL = 0;
				GCC_PREPROCESSOR_DEFINITIONS = (
					"DEBUG=1",
					"$(inherited)",
				);
				GCC_SYMBOLS_PRIVATE_EXTERN = NO;
				GCC_WARN_ABOUT_RETURN_TYPE = YES;
				GCC_WARN_UNINITIALIZED_AUTOS = YES;
				GCC_WARN_UNUSED_VARIABLE = YES;
				IPHONEOS_DEPLOYMENT_TARGET = 6.0;
				ONLY_ACTIVE_ARCH = YES;
				SDKROOT = iphoneos;
			};
			name = Debug;
		};
		93E52A94168BB43700E5471A /* Release */ = {
			isa = XCBuildConfiguration;
			buildSettings = {
				ALWAYS_SEARCH_USER_PATHS = NO;
				CLANG_CXX_LANGUAGE_STANDARD = "gnu++0x";
				CLANG_CXX_LIBRARY = "libc++";
				CLANG_WARN_EMPTY_BODY = YES;
				CLANG_WARN__DUPLICATE_METHOD_MATCH = YES;
				COPY_PHASE_STRIP = YES;
				GCC_C_LANGUAGE_STANDARD = gnu99;
				GCC_WARN_ABOUT_RETURN_TYPE = YES;
				GCC_WARN_UNINITIALIZED_AUTOS = YES;
				GCC_WARN_UNUSED_VARIABLE = YES;
				IPHONEOS_DEPLOYMENT_TARGET = 6.0;
				SDKROOT = iphoneos;
				VALIDATE_PRODUCT = YES;
			};
			name = Release;
		};
		93E52A96168BB43700E5471A /* Debug */ = {
			isa = XCBuildConfiguration;
			baseConfigurationReference = BDD19E73B3BF8B7C6E532A05 /* Pods.debug.xcconfig */;
			buildSettings = {
				CLANG_ENABLE_OBJC_ARC = YES;
				DSTROOT = /tmp/TumblrSDK.dst;
				GCC_PRECOMPILE_PREFIX_HEADER = YES;
				GCC_PREFIX_HEADER = "TMTumblrSDK/TMTumblrSDK-Prefix.pch";
				ONLY_ACTIVE_ARCH = YES;
				OTHER_LDFLAGS = (
					"-ObjC",
					"${inherited}",
				);
				PRODUCT_NAME = TMTumblrSDK;
				SKIP_INSTALL = YES;
			};
			name = Debug;
		};
		93E52A97168BB43700E5471A /* Release */ = {
			isa = XCBuildConfiguration;
			baseConfigurationReference = F20180682E41431BF494938D /* Pods.release.xcconfig */;
			buildSettings = {
				CLANG_ENABLE_OBJC_ARC = YES;
				DSTROOT = /tmp/TumblrSDK.dst;
				GCC_PRECOMPILE_PREFIX_HEADER = YES;
				GCC_PREFIX_HEADER = "TMTumblrSDK/TMTumblrSDK-Prefix.pch";
				OTHER_LDFLAGS = (
					"-ObjC",
					"${inherited}",
				);
				PRODUCT_NAME = TMTumblrSDK;
				SKIP_INSTALL = YES;
			};
			name = Release;
		};
/* End XCBuildConfiguration section */

/* Begin XCConfigurationList section */
		93A015C41B0696E20047F8C4 /* Build configuration list for PBXNativeTarget "Tests" */ = {
			isa = XCConfigurationList;
			buildConfigurations = (
				93A015C51B0696E20047F8C4 /* Debug */,
				93A015C61B0696E20047F8C4 /* Release */,
			);
			defaultConfigurationIsVisible = 0;
		};
		93E52A6A168BB43600E5471A /* Build configuration list for PBXProject "TMTumblrSDK" */ = {
			isa = XCConfigurationList;
			buildConfigurations = (
				93E52A93168BB43700E5471A /* Debug */,
				93E52A94168BB43700E5471A /* Release */,
			);
			defaultConfigurationIsVisible = 0;
			defaultConfigurationName = Release;
		};
		93E52A95168BB43700E5471A /* Build configuration list for PBXNativeTarget "TMTumblrSDK" */ = {
			isa = XCConfigurationList;
			buildConfigurations = (
				93E52A96168BB43700E5471A /* Debug */,
				93E52A97168BB43700E5471A /* Release */,
			);
			defaultConfigurationIsVisible = 0;
			defaultConfigurationName = Release;
		};
/* End XCConfigurationList section */
	};
	rootObject = 93E52A67168BB43600E5471A /* Project object */;
}
