<?xml version="1.0" encoding="UTF-8"?>
<!DOCTYPE plist PUBLIC "-//Apple//DTD PLIST 1.0//EN" "http://www.apple.com/DTDs/PropertyList-1.0.dtd">
<plist version="1.0">
<dict>
	<key>archiveVersion</key>
	<string>1</string>
	<key>classes</key>
	<dict/>
	<key>objectVersion</key>
	<string>46</string>
	<key>objects</key>
	<dict>
		<key>31A058DCC0CC202A3623AED0</key>
		<dict>
			<key>includeInIndex</key>
			<string>1</string>
			<key>isa</key>
			<string>PBXFileReference</string>
			<key>lastKnownFileType</key>
			<string>text.xcconfig</string>
			<key>name</key>
			<string>Pods-test.debug.xcconfig</string>
			<key>path</key>
			<string>Pods/Target Support Files/Pods-test/Pods-test.debug.xcconfig</string>
			<key>sourceTree</key>
			<string>&lt;group&gt;</string>
		</dict>
		<key>4027A38887244210991EA792</key>
		<dict>
			<key>explicitFileType</key>
			<string>archive.ar</string>
			<key>includeInIndex</key>
			<string>0</string>
			<key>isa</key>
			<string>PBXFileReference</string>
			<key>path</key>
			<string>libPods.a</string>
			<key>sourceTree</key>
			<string>BUILT_PRODUCTS_DIR</string>
		</dict>
		<key>491CDDF816FA0B6700C657BF</key>
		<dict>
			<key>isa</key>
			<string>PBXFileReference</string>
			<key>lastKnownFileType</key>
			<string>archive.ar</string>
			<key>name</key>
			<string>libPods-test.a</string>
			<key>path</key>
			<string>Pods/build/Release-iphoneos/libPods-test.a</string>
			<key>sourceTree</key>
			<string>&lt;group&gt;</string>
		</dict>
		<key>491CDDF916FA0B6700C657BF</key>
		<dict>
			<key>fileRef</key>
			<string>491CDDF816FA0B6700C657BF</string>
			<key>isa</key>
			<string>PBXBuildFile</string>
		</dict>
		<key>493A4E7616F93EC800C3CEF6</key>
		<dict>
			<key>fileEncoding</key>
			<string>4</string>
			<key>isa</key>
			<string>PBXFileReference</string>
			<key>lastKnownFileType</key>
			<string>sourcecode.c.h</string>
			<key>path</key>
			<string>TMAPIClientUnitTest.h</string>
			<key>sourceTree</key>
			<string>&lt;group&gt;</string>
		</dict>
		<key>493A4E7716F93EC800C3CEF6</key>
		<dict>
			<key>fileEncoding</key>
			<string>4</string>
			<key>isa</key>
			<string>PBXFileReference</string>
			<key>lastKnownFileType</key>
			<string>sourcecode.c.objc</string>
			<key>path</key>
			<string>TMAPIClientUnitTest.m</string>
			<key>sourceTree</key>
			<string>&lt;group&gt;</string>
		</dict>
		<key>493A4E7816F93EC800C3CEF6</key>
		<dict>
			<key>fileRef</key>
			<string>493A4E7716F93EC800C3CEF6</string>
			<key>isa</key>
			<string>PBXBuildFile</string>
		</dict>
		<key>499CAE6B16FA309300D2975E</key>
		<dict>
			<key>fileEncoding</key>
			<string>4</string>
			<key>isa</key>
			<string>PBXFileReference</string>
			<key>lastKnownFileType</key>
			<string>sourcecode.c.h</string>
			<key>path</key>
			<string>TMAPIClientUserTest.h</string>
			<key>sourceTree</key>
			<string>&lt;group&gt;</string>
		</dict>
		<key>499CAE6C16FA309300D2975E</key>
		<dict>
			<key>fileEncoding</key>
			<string>4</string>
			<key>isa</key>
			<string>PBXFileReference</string>
			<key>lastKnownFileType</key>
			<string>sourcecode.c.objc</string>
			<key>path</key>
			<string>TMAPIClientUserTest.m</string>
			<key>sourceTree</key>
			<string>&lt;group&gt;</string>
		</dict>
		<key>499CAE6D16FA309300D2975E</key>
		<dict>
			<key>fileRef</key>
			<string>499CAE6C16FA309300D2975E</string>
			<key>isa</key>
			<string>PBXBuildFile</string>
		</dict>
		<key>499CAE6E16FA314900D2975E</key>
		<dict>
			<key>fileEncoding</key>
			<string>4</string>
			<key>isa</key>
			<string>PBXFileReference</string>
			<key>lastKnownFileType</key>
			<string>sourcecode.c.h</string>
			<key>path</key>
			<string>TMAPIClientBlogTest.h</string>
			<key>sourceTree</key>
			<string>&lt;group&gt;</string>
		</dict>
		<key>499CAE6F16FA314900D2975E</key>
		<dict>
			<key>fileEncoding</key>
			<string>4</string>
			<key>isa</key>
			<string>PBXFileReference</string>
			<key>lastKnownFileType</key>
			<string>sourcecode.c.objc</string>
			<key>path</key>
			<string>TMAPIClientBlogTest.m</string>
			<key>sourceTree</key>
			<string>&lt;group&gt;</string>
		</dict>
		<key>499CAE7016FA314900D2975E</key>
		<dict>
			<key>fileRef</key>
			<string>499CAE6F16FA314900D2975E</string>
			<key>isa</key>
			<string>PBXBuildFile</string>
		</dict>
		<key>499CAE7116FA320B00D2975E</key>
		<dict>
			<key>fileEncoding</key>
			<string>4</string>
			<key>isa</key>
			<string>PBXFileReference</string>
			<key>lastKnownFileType</key>
			<string>sourcecode.c.h</string>
			<key>path</key>
			<string>TMAPIClientPostTest.h</string>
			<key>sourceTree</key>
			<string>&lt;group&gt;</string>
		</dict>
		<key>499CAE7216FA320B00D2975E</key>
		<dict>
			<key>fileEncoding</key>
			<string>4</string>
			<key>isa</key>
			<string>PBXFileReference</string>
			<key>lastKnownFileType</key>
			<string>sourcecode.c.objc</string>
			<key>path</key>
			<string>TMAPIClientPostTest.m</string>
			<key>sourceTree</key>
			<string>&lt;group&gt;</string>
		</dict>
		<key>499CAE7316FA320B00D2975E</key>
		<dict>
			<key>fileRef</key>
			<string>499CAE7216FA320B00D2975E</string>
			<key>isa</key>
			<string>PBXBuildFile</string>
		</dict>
		<key>499CAE7416FA327700D2975E</key>
		<dict>
			<key>fileEncoding</key>
			<string>4</string>
			<key>isa</key>
			<string>PBXFileReference</string>
			<key>lastKnownFileType</key>
			<string>sourcecode.c.h</string>
			<key>path</key>
			<string>TMAPIClientTagTest.h</string>
			<key>sourceTree</key>
			<string>&lt;group&gt;</string>
		</dict>
		<key>499CAE7516FA327700D2975E</key>
		<dict>
			<key>fileEncoding</key>
			<string>4</string>
			<key>isa</key>
			<string>PBXFileReference</string>
			<key>lastKnownFileType</key>
			<string>sourcecode.c.objc</string>
			<key>path</key>
			<string>TMAPIClientTagTest.m</string>
			<key>sourceTree</key>
			<string>&lt;group&gt;</string>
		</dict>
		<key>499CAE7616FA327700D2975E</key>
		<dict>
			<key>fileRef</key>
			<string>499CAE7516FA327700D2975E</string>
			<key>isa</key>
			<string>PBXBuildFile</string>
		</dict>
		<key>707D63CABE628B94B84E4437</key>
		<dict>
			<key>includeInIndex</key>
			<string>1</string>
			<key>isa</key>
			<string>PBXFileReference</string>
			<key>lastKnownFileType</key>
			<string>text.xcconfig</string>
			<key>name</key>
			<string>Pods-test.release.xcconfig</string>
			<key>path</key>
			<string>Pods/Target Support Files/Pods-test/Pods-test.release.xcconfig</string>
			<key>sourceTree</key>
			<string>&lt;group&gt;</string>
		</dict>
		<key>9330592B16F927F100868C9C</key>
		<dict>
			<key>children</key>
			<array>
				<string>9330592C16F9281500868C9C</string>
				<string>9330592D16F9281500868C9C</string>
			</array>
			<key>isa</key>
			<string>PBXGroup</string>
			<key>name</key>
			<string>API Client</string>
			<key>path</key>
			<string>APIClient</string>
			<key>sourceTree</key>
			<string>&lt;group&gt;</string>
		</dict>
		<key>9330592C16F9281500868C9C</key>
		<dict>
			<key>fileEncoding</key>
			<string>4</string>
			<key>isa</key>
			<string>PBXFileReference</string>
			<key>lastKnownFileType</key>
			<string>sourcecode.c.h</string>
			<key>path</key>
			<string>TMAPIClient.h</string>
			<key>sourceTree</key>
			<string>&lt;group&gt;</string>
		</dict>
		<key>9330592D16F9281500868C9C</key>
		<dict>
			<key>fileEncoding</key>
			<string>4</string>
			<key>isa</key>
			<string>PBXFileReference</string>
			<key>lastKnownFileType</key>
			<string>sourcecode.c.objc</string>
			<key>path</key>
			<string>TMAPIClient.m</string>
			<key>sourceTree</key>
			<string>&lt;group&gt;</string>
		</dict>
		<key>9330592E16F9281500868C9C</key>
		<dict>
			<key>fileRef</key>
			<string>9330592D16F9281500868C9C</string>
			<key>isa</key>
			<string>PBXBuildFile</string>
		</dict>
		<key>938272CC170934DF0025FA5C</key>
		<dict>
			<key>children</key>
			<array>
				<string>938272CD170934FE0025FA5C</string>
				<string>938272CE170934FE0025FA5C</string>
			</array>
			<key>isa</key>
			<string>PBXGroup</string>
			<key>name</key>
			<string>Core</string>
			<key>sourceTree</key>
			<string>&lt;group&gt;</string>
		</dict>
		<key>938272CD170934FE0025FA5C</key>
		<dict>
			<key>fileEncoding</key>
			<string>4</string>
			<key>isa</key>
			<string>PBXFileReference</string>
			<key>lastKnownFileType</key>
			<string>sourcecode.c.h</string>
			<key>path</key>
			<string>TMSDKFunctionsTest.h</string>
			<key>sourceTree</key>
			<string>&lt;group&gt;</string>
		</dict>
		<key>938272CE170934FE0025FA5C</key>
		<dict>
			<key>fileEncoding</key>
			<string>4</string>
			<key>isa</key>
			<string>PBXFileReference</string>
			<key>lastKnownFileType</key>
			<string>sourcecode.c.objc</string>
			<key>path</key>
			<string>TMSDKFunctionsTest.m</string>
			<key>sourceTree</key>
			<string>&lt;group&gt;</string>
		</dict>
		<key>938272D517093B600025FA5C</key>
		<dict>
			<key>fileRef</key>
			<string>938272CE170934FE0025FA5C</string>
			<key>isa</key>
			<string>PBXBuildFile</string>
		</dict>
		<key>93A3901F16FCE5A30045183F</key>
		<dict>
			<key>children</key>
			<array>
				<string>93A3902016FCE5C80045183F</string>
				<string>93A3902116FCE5C80045183F</string>
				<string>93A3902216FCE5C80045183F</string>
				<string>93A3902316FCE5C80045183F</string>
				<string>93A3902416FCE5C80045183F</string>
				<string>93A3902516FCE5C80045183F</string>
			</array>
			<key>isa</key>
			<string>PBXGroup</string>
			<key>path</key>
			<string>Activity</string>
			<key>sourceTree</key>
			<string>&lt;group&gt;</string>
		</dict>
		<key>93A3902016FCE5C80045183F</key>
		<dict>
			<key>fileEncoding</key>
			<string>4</string>
			<key>isa</key>
			<string>PBXFileReference</string>
			<key>lastKnownFileType</key>
			<string>sourcecode.c.h</string>
			<key>path</key>
			<string>TMTumblrActivity.h</string>
			<key>sourceTree</key>
			<string>&lt;group&gt;</string>
		</dict>
		<key>93A3902116FCE5C80045183F</key>
		<dict>
			<key>fileEncoding</key>
			<string>4</string>
			<key>isa</key>
			<string>PBXFileReference</string>
			<key>lastKnownFileType</key>
			<string>sourcecode.c.objc</string>
			<key>path</key>
			<string>TMTumblrActivity.m</string>
			<key>sourceTree</key>
			<string>&lt;group&gt;</string>
		</dict>
		<key>93A3902216FCE5C80045183F</key>
		<dict>
			<key>isa</key>
			<string>PBXFileReference</string>
			<key>lastKnownFileType</key>
			<string>image.png</string>
			<key>path</key>
			<string>UIActivityTumblr.png</string>
			<key>sourceTree</key>
			<string>&lt;group&gt;</string>
		</dict>
		<key>93A3902316FCE5C80045183F</key>
		<dict>
			<key>isa</key>
			<string>PBXFileReference</string>
			<key>lastKnownFileType</key>
			<string>image.png</string>
			<key>path</key>
			<string>UIActivityTumblr@2x.png</string>
			<key>sourceTree</key>
			<string>&lt;group&gt;</string>
		</dict>
		<key>93A3902416FCE5C80045183F</key>
		<dict>
			<key>isa</key>
			<string>PBXFileReference</string>
			<key>lastKnownFileType</key>
			<string>image.png</string>
			<key>path</key>
			<string>UIActivityTumblr@2x~ipad.png</string>
			<key>sourceTree</key>
			<string>&lt;group&gt;</string>
		</dict>
		<key>93A3902516FCE5C80045183F</key>
		<dict>
			<key>isa</key>
			<string>PBXFileReference</string>
			<key>lastKnownFileType</key>
			<string>image.png</string>
			<key>path</key>
			<string>UIActivityTumblr~ipad.png</string>
			<key>sourceTree</key>
			<string>&lt;group&gt;</string>
		</dict>
		<key>93A3902616FCE5C80045183F</key>
		<dict>
			<key>fileRef</key>
			<string>93A3902116FCE5C80045183F</string>
			<key>isa</key>
			<string>PBXBuildFile</string>
		</dict>
		<key>93BAE94C1709320600E7E490</key>
		<dict>
			<key>children</key>
			<array>
				<string>493A4E7616F93EC800C3CEF6</string>
				<string>493A4E7716F93EC800C3CEF6</string>
				<string>499CAE6E16FA314900D2975E</string>
				<string>499CAE6F16FA314900D2975E</string>
				<string>499CAE6B16FA309300D2975E</string>
				<string>499CAE6C16FA309300D2975E</string>
				<string>499CAE7116FA320B00D2975E</string>
				<string>499CAE7216FA320B00D2975E</string>
				<string>499CAE7416FA327700D2975E</string>
				<string>499CAE7516FA327700D2975E</string>
			</array>
			<key>isa</key>
			<string>PBXGroup</string>
			<key>name</key>
			<string>API Client</string>
			<key>sourceTree</key>
			<string>&lt;group&gt;</string>
		</dict>
		<key>93BAE94D1709326E00E7E490</key>
		<dict>
			<key>children</key>
			<array>
				<string>93BAE94E1709328B00E7E490</string>
				<string>93BAE94F1709328B00E7E490</string>
			</array>
			<key>isa</key>
			<string>PBXGroup</string>
			<key>path</key>
			<string>Core</string>
			<key>sourceTree</key>
			<string>&lt;group&gt;</string>
		</dict>
		<key>93BAE94E1709328B00E7E490</key>
		<dict>
			<key>fileEncoding</key>
			<string>4</string>
			<key>isa</key>
			<string>PBXFileReference</string>
			<key>lastKnownFileType</key>
			<string>sourcecode.c.h</string>
			<key>path</key>
			<string>TMSDKFunctions.h</string>
			<key>sourceTree</key>
			<string>&lt;group&gt;</string>
		</dict>
		<key>93BAE94F1709328B00E7E490</key>
		<dict>
			<key>fileEncoding</key>
			<string>4</string>
			<key>isa</key>
			<string>PBXFileReference</string>
			<key>lastKnownFileType</key>
			<string>sourcecode.c.objc</string>
			<key>path</key>
			<string>TMSDKFunctions.m</string>
			<key>sourceTree</key>
			<string>&lt;group&gt;</string>
		</dict>
		<key>93BAE9501709328B00E7E490</key>
		<dict>
			<key>fileRef</key>
			<string>93BAE94F1709328B00E7E490</string>
			<key>isa</key>
			<string>PBXBuildFile</string>
		</dict>
		<key>93E52A65168BB43600E5471A</key>
		<dict>
			<key>children</key>
			<array>
				<string>93E52A75168BB43700E5471A</string>
				<string>93E52A8A168BB43700E5471A</string>
				<string>93E52A72168BB43700E5471A</string>
				<string>93E52A71168BB43700E5471A</string>
				<string>CFBD71A0D056DF789C9678BA</string>
			</array>
			<key>isa</key>
			<string>PBXGroup</string>
			<key>sourceTree</key>
			<string>&lt;group&gt;</string>
		</dict>
		<key>93E52A67168BB43600E5471A</key>
		<dict>
			<key>attributes</key>
			<dict>
				<key>LastTestingUpgradeCheck</key>
				<string>0510</string>
				<key>LastUpgradeCheck</key>
				<string>0450</string>
				<key>ORGANIZATIONNAME</key>
				<string>Tumblr</string>
			</dict>
			<key>buildConfigurationList</key>
			<string>93E52A6A168BB43600E5471A</string>
			<key>compatibilityVersion</key>
			<string>Xcode 3.2</string>
			<key>developmentRegion</key>
			<string>English</string>
			<key>hasScannedForEncodings</key>
			<string>0</string>
			<key>isa</key>
			<string>PBXProject</string>
			<key>knownRegions</key>
			<array>
				<string>en</string>
			</array>
			<key>mainGroup</key>
			<string>93E52A65168BB43600E5471A</string>
			<key>productRefGroup</key>
			<string>93E52A71168BB43700E5471A</string>
			<key>projectDirPath</key>
			<string></string>
			<key>projectReferences</key>
			<array/>
			<key>projectRoot</key>
			<string></string>
			<key>targets</key>
			<array>
				<string>93E52A6F168BB43600E5471A</string>
				<string>93E52A80168BB43700E5471A</string>
			</array>
		</dict>
		<key>93E52A6A168BB43600E5471A</key>
		<dict>
			<key>buildConfigurations</key>
			<array>
				<string>93E52A93168BB43700E5471A</string>
				<string>93E52A94168BB43700E5471A</string>
			</array>
			<key>defaultConfigurationIsVisible</key>
			<string>0</string>
			<key>defaultConfigurationName</key>
			<string>Release</string>
			<key>isa</key>
			<string>XCConfigurationList</string>
		</dict>
		<key>93E52A6C168BB43600E5471A</key>
		<dict>
			<key>buildActionMask</key>
			<string>2147483647</string>
			<key>files</key>
			<array>
				<string>93F8E38B16F921BE004CA7D5</string>
				<string>93F8E39016F921C6004CA7D5</string>
				<string>93F8E39116F921C6004CA7D5</string>
				<string>9330592E16F9281500868C9C</string>
				<string>93A3902616FCE5C80045183F</string>
				<string>93BAE9501709328B00E7E490</string>
			</array>
			<key>isa</key>
			<string>PBXSourcesBuildPhase</string>
			<key>runOnlyForDeploymentPostprocessing</key>
			<string>0</string>
		</dict>
		<key>93E52A6D168BB43600E5471A</key>
		<dict>
			<key>buildActionMask</key>
			<string>2147483647</string>
			<key>files</key>
			<array>
				<string>93E52A74168BB43700E5471A</string>
				<string>DE4AF4EDA6D242258F88797D</string>
			</array>
			<key>isa</key>
			<string>PBXFrameworksBuildPhase</string>
			<key>runOnlyForDeploymentPostprocessing</key>
			<string>0</string>
		</dict>
		<key>93E52A6E168BB43600E5471A</key>
		<dict>
			<key>buildActionMask</key>
			<string>2147483647</string>
			<key>dstPath</key>
			<string>include/${PRODUCT_NAME}</string>
			<key>dstSubfolderSpec</key>
			<string>16</string>
			<key>files</key>
			<array/>
			<key>isa</key>
			<string>PBXCopyFilesBuildPhase</string>
			<key>runOnlyForDeploymentPostprocessing</key>
			<string>0</string>
		</dict>
		<key>93E52A6F168BB43600E5471A</key>
		<dict>
			<key>buildConfigurationList</key>
			<string>93E52A95168BB43700E5471A</string>
			<key>buildPhases</key>
			<array>
				<string>93E52A6C168BB43600E5471A</string>
				<string>93E52A6D168BB43600E5471A</string>
				<string>93E52A6E168BB43600E5471A</string>
				<string>B5A34012BD204318BABDF5EB</string>
			</array>
			<key>buildRules</key>
			<array/>
			<key>dependencies</key>
			<array/>
			<key>isa</key>
			<string>PBXNativeTarget</string>
			<key>name</key>
			<string>TMTumblrSDK</string>
			<key>productName</key>
			<string>TumblrSDK</string>
			<key>productReference</key>
			<string>93E52A70168BB43700E5471A</string>
			<key>productType</key>
			<string>com.apple.product-type.library.static</string>
		</dict>
		<key>93E52A70168BB43700E5471A</key>
		<dict>
			<key>explicitFileType</key>
			<string>archive.ar</string>
			<key>includeInIndex</key>
			<string>0</string>
			<key>isa</key>
			<string>PBXFileReference</string>
			<key>path</key>
			<string>libTMTumblrSDK.a</string>
			<key>sourceTree</key>
			<string>BUILT_PRODUCTS_DIR</string>
		</dict>
		<key>93E52A71168BB43700E5471A</key>
		<dict>
			<key>children</key>
			<array>
				<string>93E52A70168BB43700E5471A</string>
				<string>93E52A81168BB43700E5471A</string>
			</array>
			<key>isa</key>
			<string>PBXGroup</string>
			<key>name</key>
			<string>Products</string>
			<key>sourceTree</key>
			<string>&lt;group&gt;</string>
		</dict>
		<key>93E52A72168BB43700E5471A</key>
		<dict>
			<key>children</key>
			<array>
				<string>93E52A73168BB43700E5471A</string>
				<string>93E52A84168BB43700E5471A</string>
				<string>491CDDF816FA0B6700C657BF</string>
				<string>4027A38887244210991EA792</string>
			</array>
			<key>isa</key>
			<string>PBXGroup</string>
			<key>name</key>
			<string>Frameworks</string>
			<key>sourceTree</key>
			<string>&lt;group&gt;</string>
		</dict>
		<key>93E52A73168BB43700E5471A</key>
		<dict>
			<key>isa</key>
			<string>PBXFileReference</string>
			<key>lastKnownFileType</key>
			<string>wrapper.framework</string>
			<key>name</key>
			<string>Foundation.framework</string>
			<key>path</key>
			<string>System/Library/Frameworks/Foundation.framework</string>
			<key>sourceTree</key>
			<string>SDKROOT</string>
		</dict>
		<key>93E52A74168BB43700E5471A</key>
		<dict>
			<key>fileRef</key>
			<string>93E52A73168BB43700E5471A</string>
			<key>isa</key>
			<string>PBXBuildFile</string>
		</dict>
		<key>93E52A75168BB43700E5471A</key>
		<dict>
			<key>children</key>
			<array>
				<string>93A3901F16FCE5A30045183F</string>
				<string>9330592B16F927F100868C9C</string>
				<string>93F8E38116F92191004CA7D5</string>
				<string>93F8E38016F92189004CA7D5</string>
				<string>93BAE94D1709326E00E7E490</string>
				<string>93E52A76168BB43700E5471A</string>
			</array>
			<key>isa</key>
			<string>PBXGroup</string>
			<key>path</key>
			<string>TMTumblrSDK</string>
			<key>sourceTree</key>
			<string>&lt;group&gt;</string>
		</dict>
		<key>93E52A76168BB43700E5471A</key>
		<dict>
			<key>children</key>
			<array>
				<string>93E52A77168BB43700E5471A</string>
			</array>
			<key>isa</key>
			<string>PBXGroup</string>
			<key>name</key>
			<string>Supporting Files</string>
			<key>sourceTree</key>
			<string>&lt;group&gt;</string>
		</dict>
		<key>93E52A77168BB43700E5471A</key>
		<dict>
			<key>isa</key>
			<string>PBXFileReference</string>
			<key>lastKnownFileType</key>
			<string>sourcecode.c.h</string>
			<key>path</key>
			<string>TMTumblrSDK-Prefix.pch</string>
			<key>sourceTree</key>
			<string>&lt;group&gt;</string>
		</dict>
		<key>93E52A7C168BB43700E5471A</key>
		<dict>
			<key>buildActionMask</key>
			<string>2147483647</string>
			<key>files</key>
			<array>
				<string>493A4E7816F93EC800C3CEF6</string>
				<string>499CAE6D16FA309300D2975E</string>
				<string>499CAE7016FA314900D2975E</string>
				<string>499CAE7316FA320B00D2975E</string>
				<string>499CAE7616FA327700D2975E</string>
				<string>938272D517093B600025FA5C</string>
			</array>
			<key>isa</key>
			<string>PBXSourcesBuildPhase</string>
			<key>runOnlyForDeploymentPostprocessing</key>
			<string>0</string>
		</dict>
		<key>93E52A7D168BB43700E5471A</key>
		<dict>
			<key>buildActionMask</key>
			<string>2147483647</string>
			<key>files</key>
			<array>
				<string>491CDDF916FA0B6700C657BF</string>
				<string>93E52A85168BB43700E5471A</string>
				<string>93E52A86168BB43700E5471A</string>
				<string>93E52A89168BB43700E5471A</string>
			</array>
			<key>isa</key>
			<string>PBXFrameworksBuildPhase</string>
			<key>runOnlyForDeploymentPostprocessing</key>
			<string>0</string>
		</dict>
		<key>93E52A7E168BB43700E5471A</key>
		<dict>
			<key>buildActionMask</key>
			<string>2147483647</string>
			<key>files</key>
			<array/>
			<key>isa</key>
			<string>PBXResourcesBuildPhase</string>
			<key>runOnlyForDeploymentPostprocessing</key>
			<string>0</string>
		</dict>
		<key>93E52A7F168BB43700E5471A</key>
		<dict>
			<key>buildActionMask</key>
			<string>2147483647</string>
			<key>files</key>
			<array/>
			<key>inputPaths</key>
			<array/>
			<key>isa</key>
			<string>PBXShellScriptBuildPhase</string>
			<key>outputPaths</key>
			<array/>
			<key>runOnlyForDeploymentPostprocessing</key>
			<string>0</string>
			<key>shellPath</key>
			<string>/bin/sh</string>
			<key>shellScript</key>
			<string># Run the unit tests in this test bundle.
"${SYSTEM_DEVELOPER_DIR}/Tools/RunUnitTests"
</string>
			<key>showEnvVarsInLog</key>
			<string>0</string>
		</dict>
		<key>93E52A80168BB43700E5471A</key>
		<dict>
			<key>buildConfigurationList</key>
			<string>93E52A98168BB43700E5471A</string>
			<key>buildPhases</key>
			<array>
				<string>93E52A7C168BB43700E5471A</string>
				<string>93E52A7D168BB43700E5471A</string>
				<string>93E52A7E168BB43700E5471A</string>
				<string>93E52A7F168BB43700E5471A</string>
			</array>
			<key>buildRules</key>
			<array/>
			<key>dependencies</key>
			<array>
				<string>93E52A88168BB43700E5471A</string>
			</array>
			<key>isa</key>
			<string>PBXNativeTarget</string>
			<key>name</key>
			<string>TMTumblrSDKTests</string>
			<key>productName</key>
			<string>TumblrSDKTests</string>
			<key>productReference</key>
			<string>93E52A81168BB43700E5471A</string>
			<key>productType</key>
			<string>com.apple.product-type.bundle.unit-test</string>
		</dict>
		<key>93E52A81168BB43700E5471A</key>
		<dict>
			<key>explicitFileType</key>
			<string>wrapper.cfbundle</string>
			<key>includeInIndex</key>
			<string>0</string>
			<key>isa</key>
			<string>PBXFileReference</string>
			<key>path</key>
			<string>TMTumblrSDKTests.xctest</string>
			<key>sourceTree</key>
			<string>BUILT_PRODUCTS_DIR</string>
		</dict>
		<key>93E52A84168BB43700E5471A</key>
		<dict>
			<key>isa</key>
			<string>PBXFileReference</string>
			<key>lastKnownFileType</key>
			<string>wrapper.framework</string>
			<key>name</key>
			<string>UIKit.framework</string>
			<key>path</key>
			<string>Library/Frameworks/UIKit.framework</string>
			<key>sourceTree</key>
			<string>DEVELOPER_DIR</string>
		</dict>
		<key>93E52A85168BB43700E5471A</key>
		<dict>
			<key>fileRef</key>
			<string>93E52A84168BB43700E5471A</string>
			<key>isa</key>
			<string>PBXBuildFile</string>
		</dict>
		<key>93E52A86168BB43700E5471A</key>
		<dict>
			<key>fileRef</key>
			<string>93E52A73168BB43700E5471A</string>
			<key>isa</key>
			<string>PBXBuildFile</string>
		</dict>
		<key>93E52A87168BB43700E5471A</key>
		<dict>
			<key>containerPortal</key>
			<string>93E52A67168BB43600E5471A</string>
			<key>isa</key>
			<string>PBXContainerItemProxy</string>
			<key>proxyType</key>
			<string>1</string>
			<key>remoteGlobalIDString</key>
			<string>93E52A6F168BB43600E5471A</string>
			<key>remoteInfo</key>
			<string>TumblrSDK</string>
		</dict>
		<key>93E52A88168BB43700E5471A</key>
		<dict>
			<key>isa</key>
			<string>PBXTargetDependency</string>
			<key>target</key>
			<string>93E52A6F168BB43600E5471A</string>
			<key>targetProxy</key>
			<string>93E52A87168BB43700E5471A</string>
		</dict>
		<key>93E52A89168BB43700E5471A</key>
		<dict>
			<key>fileRef</key>
			<string>93E52A70168BB43700E5471A</string>
			<key>isa</key>
			<string>PBXBuildFile</string>
		</dict>
		<key>93E52A8A168BB43700E5471A</key>
		<dict>
			<key>children</key>
			<array>
				<string>93BAE94C1709320600E7E490</string>
				<string>938272CC170934DF0025FA5C</string>
				<string>93E52A8B168BB43700E5471A</string>
			</array>
			<key>isa</key>
			<string>PBXGroup</string>
			<key>path</key>
			<string>TMTumblrSDKTests</string>
			<key>sourceTree</key>
			<string>&lt;group&gt;</string>
		</dict>
		<key>93E52A8B168BB43700E5471A</key>
		<dict>
			<key>children</key>
			<array>
				<string>93E52A8C168BB43700E5471A</string>
			</array>
			<key>isa</key>
			<string>PBXGroup</string>
			<key>name</key>
			<string>Supporting Files</string>
			<key>sourceTree</key>
			<string>&lt;group&gt;</string>
		</dict>
		<key>93E52A8C168BB43700E5471A</key>
		<dict>
			<key>isa</key>
			<string>PBXFileReference</string>
			<key>lastKnownFileType</key>
			<string>text.plist.xml</string>
			<key>path</key>
			<string>TMTumblrSDKTests-Info.plist</string>
			<key>sourceTree</key>
			<string>&lt;group&gt;</string>
		</dict>
		<key>93E52A93168BB43700E5471A</key>
		<dict>
			<key>buildSettings</key>
			<dict>
				<key>ALWAYS_SEARCH_USER_PATHS</key>
				<string>NO</string>
				<key>CLANG_CXX_LANGUAGE_STANDARD</key>
				<string>gnu++0x</string>
				<key>CLANG_CXX_LIBRARY</key>
				<string>libc++</string>
				<key>CLANG_WARN_EMPTY_BODY</key>
				<string>YES</string>
				<key>CLANG_WARN__DUPLICATE_METHOD_MATCH</key>
				<string>YES</string>
				<key>COPY_PHASE_STRIP</key>
				<string>NO</string>
				<key>GCC_C_LANGUAGE_STANDARD</key>
				<string>gnu99</string>
				<key>GCC_DYNAMIC_NO_PIC</key>
				<string>NO</string>
				<key>GCC_OPTIMIZATION_LEVEL</key>
				<string>0</string>
				<key>GCC_PREPROCESSOR_DEFINITIONS</key>
				<array>
					<string>DEBUG=1</string>
					<string>$(inherited)</string>
				</array>
				<key>GCC_SYMBOLS_PRIVATE_EXTERN</key>
				<string>NO</string>
				<key>GCC_WARN_ABOUT_RETURN_TYPE</key>
				<string>YES</string>
				<key>GCC_WARN_UNINITIALIZED_AUTOS</key>
				<string>YES</string>
				<key>GCC_WARN_UNUSED_VARIABLE</key>
				<string>YES</string>
				<key>IPHONEOS_DEPLOYMENT_TARGET</key>
				<string>6.0</string>
				<key>ONLY_ACTIVE_ARCH</key>
				<string>YES</string>
				<key>SDKROOT</key>
				<string>iphoneos</string>
			</dict>
			<key>isa</key>
			<string>XCBuildConfiguration</string>
			<key>name</key>
			<string>Debug</string>
		</dict>
		<key>93E52A94168BB43700E5471A</key>
		<dict>
			<key>buildSettings</key>
			<dict>
				<key>ALWAYS_SEARCH_USER_PATHS</key>
				<string>NO</string>
				<key>CLANG_CXX_LANGUAGE_STANDARD</key>
				<string>gnu++0x</string>
				<key>CLANG_CXX_LIBRARY</key>
				<string>libc++</string>
				<key>CLANG_WARN_EMPTY_BODY</key>
				<string>YES</string>
				<key>CLANG_WARN__DUPLICATE_METHOD_MATCH</key>
				<string>YES</string>
				<key>COPY_PHASE_STRIP</key>
				<string>YES</string>
				<key>GCC_C_LANGUAGE_STANDARD</key>
				<string>gnu99</string>
				<key>GCC_WARN_ABOUT_RETURN_TYPE</key>
				<string>YES</string>
				<key>GCC_WARN_UNINITIALIZED_AUTOS</key>
				<string>YES</string>
				<key>GCC_WARN_UNUSED_VARIABLE</key>
				<string>YES</string>
				<key>IPHONEOS_DEPLOYMENT_TARGET</key>
				<string>6.0</string>
				<key>SDKROOT</key>
				<string>iphoneos</string>
				<key>VALIDATE_PRODUCT</key>
				<string>YES</string>
			</dict>
			<key>isa</key>
			<string>XCBuildConfiguration</string>
			<key>name</key>
			<string>Release</string>
		</dict>
		<key>93E52A95168BB43700E5471A</key>
		<dict>
			<key>buildConfigurations</key>
			<array>
				<string>93E52A96168BB43700E5471A</string>
				<string>93E52A97168BB43700E5471A</string>
			</array>
			<key>defaultConfigurationIsVisible</key>
			<string>0</string>
			<key>defaultConfigurationName</key>
			<string>Release</string>
			<key>isa</key>
			<string>XCConfigurationList</string>
		</dict>
		<key>93E52A96168BB43700E5471A</key>
		<dict>
			<key>baseConfigurationReference</key>
			<string>BDD19E73B3BF8B7C6E532A05</string>
			<key>buildSettings</key>
			<dict>
				<key>CLANG_ENABLE_OBJC_ARC</key>
				<string>YES</string>
				<key>DSTROOT</key>
				<string>/tmp/TumblrSDK.dst</string>
				<key>GCC_PRECOMPILE_PREFIX_HEADER</key>
				<string>YES</string>
				<key>GCC_PREFIX_HEADER</key>
				<string>TMTumblrSDK/TMTumblrSDK-Prefix.pch</string>
				<key>ONLY_ACTIVE_ARCH</key>
				<string>YES</string>
				<key>OTHER_LDFLAGS</key>
				<array>
					<string>-ObjC</string>
					<string>${inherited}</string>
				</array>
				<key>PRODUCT_NAME</key>
				<string>TMTumblrSDK</string>
				<key>SKIP_INSTALL</key>
				<string>YES</string>
			</dict>
			<key>isa</key>
			<string>XCBuildConfiguration</string>
			<key>name</key>
			<string>Debug</string>
		</dict>
		<key>93E52A97168BB43700E5471A</key>
		<dict>
			<key>baseConfigurationReference</key>
			<string>F20180682E41431BF494938D</string>
			<key>buildSettings</key>
			<dict>
				<key>CLANG_ENABLE_OBJC_ARC</key>
				<string>YES</string>
				<key>DSTROOT</key>
				<string>/tmp/TumblrSDK.dst</string>
				<key>GCC_PRECOMPILE_PREFIX_HEADER</key>
				<string>YES</string>
				<key>GCC_PREFIX_HEADER</key>
				<string>TMTumblrSDK/TMTumblrSDK-Prefix.pch</string>
				<key>OTHER_LDFLAGS</key>
				<array>
					<string>-ObjC</string>
					<string>${inherited}</string>
				</array>
				<key>PRODUCT_NAME</key>
				<string>TMTumblrSDK</string>
				<key>SKIP_INSTALL</key>
				<string>YES</string>
			</dict>
			<key>isa</key>
			<string>XCBuildConfiguration</string>
			<key>name</key>
			<string>Release</string>
		</dict>
		<key>93E52A98168BB43700E5471A</key>
		<dict>
			<key>buildConfigurations</key>
			<array>
				<string>93E52A99168BB43700E5471A</string>
				<string>93E52A9A168BB43700E5471A</string>
			</array>
			<key>defaultConfigurationIsVisible</key>
			<string>0</string>
			<key>defaultConfigurationName</key>
			<string>Release</string>
			<key>isa</key>
			<string>XCConfigurationList</string>
		</dict>
		<key>93E52A99168BB43700E5471A</key>
		<dict>
			<key>baseConfigurationReference</key>
			<string>31A058DCC0CC202A3623AED0</string>
			<key>buildSettings</key>
			<dict>
				<key>CLANG_ENABLE_OBJC_ARC</key>
				<string>YES</string>
				<key>FRAMEWORK_SEARCH_PATHS</key>
				<array>
					<string>"$(SDKROOT)/Developer/Library/Frameworks"</string>
					<string>"$(DEVELOPER_LIBRARY_DIR)/Frameworks"</string>
					<string>$(inherited)</string>
				</array>
				<key>GCC_PRECOMPILE_PREFIX_HEADER</key>
				<string>YES</string>
				<key>GCC_PREFIX_HEADER</key>
				<string>TMTumblrSDK/TMTumblrSDK-Prefix.pch</string>
				<key>HEADER_SEARCH_PATHS</key>
				<array>
					<string>${SRCROOT}/Pods/Headers/TumblrAuthentication</string>
					<string>${SRCROOT}/Pods/Headers/NSData+Base64</string>
					<string>${SRCROOT}/Pods/Headers/JXHTTP</string>
					<string>${SRCROOT}/Pods/Headers</string>
				</array>
				<key>INFOPLIST_FILE</key>
				<string>TMTumblrSDKTests/TMTumblrSDKTests-Info.plist</string>
				<key>ONLY_ACTIVE_ARCH</key>
				<string>NO</string>
				<key>OTHER_LDFLAGS</key>
				<string>-ObjC</string>
				<key>PRODUCT_NAME</key>
				<string>TMTumblrSDKTests</string>
			</dict>
			<key>isa</key>
			<string>XCBuildConfiguration</string>
			<key>name</key>
			<string>Debug</string>
		</dict>
		<key>93E52A9A168BB43700E5471A</key>
		<dict>
			<key>baseConfigurationReference</key>
			<string>707D63CABE628B94B84E4437</string>
			<key>buildSettings</key>
			<dict>
				<key>CLANG_ENABLE_OBJC_ARC</key>
				<string>YES</string>
				<key>FRAMEWORK_SEARCH_PATHS</key>
				<array>
					<string>"$(SDKROOT)/Developer/Library/Frameworks"</string>
					<string>"$(DEVELOPER_LIBRARY_DIR)/Frameworks"</string>
					<string>$(inherited)</string>
				</array>
				<key>GCC_PRECOMPILE_PREFIX_HEADER</key>
				<string>YES</string>
				<key>GCC_PREFIX_HEADER</key>
				<string>TMTumblrSDK/TMTumblrSDK-Prefix.pch</string>
				<key>HEADER_SEARCH_PATHS</key>
				<array>
					<string>${SRCROOT}/Pods/Headers/TumblrAuthentication</string>
					<string>${SRCROOT}/Pods/Headers/NSData+Base64</string>
					<string>${SRCROOT}/Pods/Headers/JXHTTP</string>
					<string>${SRCROOT}/Pods/Headers</string>
				</array>
				<key>INFOPLIST_FILE</key>
				<string>TMTumblrSDKTests/TMTumblrSDKTests-Info.plist</string>
				<key>OTHER_LDFLAGS</key>
				<string>-ObjC</string>
				<key>PRODUCT_NAME</key>
				<string>TMTumblrSDKTests</string>
			</dict>
			<key>isa</key>
			<string>XCBuildConfiguration</string>
			<key>name</key>
			<string>Release</string>
		</dict>
		<key>93F8E38016F92189004CA7D5</key>
		<dict>
			<key>children</key>
			<array>
				<string>93F8E38C16F921C6004CA7D5</string>
				<string>93F8E38D16F921C6004CA7D5</string>
				<string>93F8E38E16F921C6004CA7D5</string>
				<string>93F8E38F16F921C6004CA7D5</string>
			</array>
			<key>isa</key>
			<string>PBXGroup</string>
			<key>path</key>
			<string>Authentication</string>
			<key>sourceTree</key>
			<string>&lt;group&gt;</string>
		</dict>
		<key>93F8E38116F92191004CA7D5</key>
		<dict>
			<key>children</key>
			<array>
				<string>93F8E38416F921BE004CA7D5</string>
				<string>93F8E38516F921BE004CA7D5</string>
			</array>
			<key>isa</key>
			<string>PBXGroup</string>
			<key>name</key>
			<string>App Client</string>
			<key>path</key>
			<string>AppClient</string>
			<key>sourceTree</key>
			<string>&lt;group&gt;</string>
		</dict>
		<key>93F8E38416F921BE004CA7D5</key>
		<dict>
			<key>fileEncoding</key>
			<string>4</string>
			<key>isa</key>
			<string>PBXFileReference</string>
			<key>lastKnownFileType</key>
			<string>sourcecode.c.h</string>
			<key>path</key>
			<string>TMTumblrAppClient.h</string>
			<key>sourceTree</key>
			<string>&lt;group&gt;</string>
		</dict>
		<key>93F8E38516F921BE004CA7D5</key>
		<dict>
			<key>fileEncoding</key>
			<string>4</string>
			<key>isa</key>
			<string>PBXFileReference</string>
			<key>lastKnownFileType</key>
			<string>sourcecode.c.objc</string>
			<key>path</key>
			<string>TMTumblrAppClient.m</string>
			<key>sourceTree</key>
			<string>&lt;group&gt;</string>
		</dict>
		<key>93F8E38B16F921BE004CA7D5</key>
		<dict>
			<key>fileRef</key>
			<string>93F8E38516F921BE004CA7D5</string>
			<key>isa</key>
			<string>PBXBuildFile</string>
		</dict>
		<key>93F8E38C16F921C6004CA7D5</key>
		<dict>
			<key>fileEncoding</key>
			<string>4</string>
			<key>isa</key>
			<string>PBXFileReference</string>
			<key>lastKnownFileType</key>
			<string>sourcecode.c.h</string>
			<key>path</key>
			<string>TMOAuth.h</string>
			<key>sourceTree</key>
			<string>&lt;group&gt;</string>
		</dict>
		<key>93F8E38D16F921C6004CA7D5</key>
		<dict>
			<key>fileEncoding</key>
			<string>4</string>
			<key>isa</key>
			<string>PBXFileReference</string>
			<key>lastKnownFileType</key>
			<string>sourcecode.c.objc</string>
			<key>path</key>
			<string>TMOAuth.m</string>
			<key>sourceTree</key>
			<string>&lt;group&gt;</string>
		</dict>
		<key>93F8E38E16F921C6004CA7D5</key>
		<dict>
			<key>fileEncoding</key>
			<string>4</string>
			<key>isa</key>
			<string>PBXFileReference</string>
			<key>lastKnownFileType</key>
			<string>sourcecode.c.h</string>
			<key>path</key>
			<string>TMTumblrAuthenticator.h</string>
			<key>sourceTree</key>
			<string>&lt;group&gt;</string>
		</dict>
		<key>93F8E38F16F921C6004CA7D5</key>
		<dict>
			<key>fileEncoding</key>
			<string>4</string>
			<key>isa</key>
			<string>PBXFileReference</string>
			<key>lastKnownFileType</key>
			<string>sourcecode.c.objc</string>
			<key>path</key>
			<string>TMTumblrAuthenticator.m</string>
			<key>sourceTree</key>
			<string>&lt;group&gt;</string>
		</dict>
		<key>93F8E39016F921C6004CA7D5</key>
		<dict>
			<key>fileRef</key>
			<string>93F8E38D16F921C6004CA7D5</string>
			<key>isa</key>
			<string>PBXBuildFile</string>
		</dict>
		<key>93F8E39116F921C6004CA7D5</key>
		<dict>
			<key>fileRef</key>
			<string>93F8E38F16F921C6004CA7D5</string>
			<key>isa</key>
			<string>PBXBuildFile</string>
		</dict>
		<key>B5A34012BD204318BABDF5EB</key>
		<dict>
			<key>buildActionMask</key>
			<string>2147483647</string>
			<key>files</key>
			<array/>
			<key>inputPaths</key>
			<array/>
			<key>isa</key>
			<string>PBXShellScriptBuildPhase</string>
			<key>name</key>
			<string>Copy Pods Resources</string>
			<key>outputPaths</key>
			<array/>
			<key>runOnlyForDeploymentPostprocessing</key>
			<string>0</string>
			<key>shellPath</key>
			<string>/bin/sh</string>
			<key>shellScript</key>
			<string>"${SRCROOT}/Pods/Target Support Files/Pods/Pods-resources.sh"
</string>
			<key>showEnvVarsInLog</key>
			<string>0</string>
		</dict>
		<key>BDD19E73B3BF8B7C6E532A05</key>
		<dict>
			<key>includeInIndex</key>
			<string>1</string>
			<key>isa</key>
			<string>PBXFileReference</string>
			<key>lastKnownFileType</key>
			<string>text.xcconfig</string>
			<key>name</key>
			<string>Pods.debug.xcconfig</string>
			<key>path</key>
			<string>Pods/Target Support Files/Pods/Pods.debug.xcconfig</string>
			<key>sourceTree</key>
			<string>&lt;group&gt;</string>
		</dict>
		<key>CFBD71A0D056DF789C9678BA</key>
		<dict>
			<key>children</key>
			<array>
				<string>BDD19E73B3BF8B7C6E532A05</string>
				<string>F20180682E41431BF494938D</string>
				<string>31A058DCC0CC202A3623AED0</string>
				<string>707D63CABE628B94B84E4437</string>
			</array>
			<key>isa</key>
			<string>PBXGroup</string>
			<key>name</key>
			<string>Pods</string>
			<key>sourceTree</key>
			<string>&lt;group&gt;</string>
		</dict>
		<key>DE4AF4EDA6D242258F88797D</key>
		<dict>
			<key>fileRef</key>
			<string>4027A38887244210991EA792</string>
			<key>isa</key>
			<string>PBXBuildFile</string>
		</dict>
		<key>F20180682E41431BF494938D</key>
		<dict>
			<key>includeInIndex</key>
			<string>1</string>
			<key>isa</key>
			<string>PBXFileReference</string>
			<key>lastKnownFileType</key>
			<string>text.xcconfig</string>
			<key>name</key>
			<string>Pods.release.xcconfig</string>
			<key>path</key>
			<string>Pods/Target Support Files/Pods/Pods.release.xcconfig</string>
			<key>sourceTree</key>
			<string>&lt;group&gt;</string>
		</dict>
	</dict>
	<key>rootObject</key>
	<string>93E52A67168BB43600E5471A</string>
</dict>
</plist>
